// !$*UTF8*$!
{
	archiveVersion = 1;
	classes = {
	};
	objectVersion = 56;
	objects = {

/* Begin PBXBuildFile section */
		34484985AC0F3D869FE69DAD /* Pods_NeoSTORE_NeoSTOREUITests.framework in Frameworks */ = {isa = PBXBuildFile; fileRef = 036BE62EE081AC2292D526A9 /* Pods_NeoSTORE_NeoSTOREUITests.framework */; };
		4A2D84642A94F17E00DD0D8B /* RegisterModel.swift in Sources */ = {isa = PBXBuildFile; fileRef = 4A2D84632A94F17E00DD0D8B /* RegisterModel.swift */; };
		4A56C0D82A8F536400693C5E /* LoginViewController.swift in Sources */ = {isa = PBXBuildFile; fileRef = 4A56C0D72A8F536400693C5E /* LoginViewController.swift */; };
		4A711FCE2A8E551D00C1348D /* HomeViewController.swift in Sources */ = {isa = PBXBuildFile; fileRef = 4A711FCC2A8E551D00C1348D /* HomeViewController.swift */; };
		4A711FCF2A8E551D00C1348D /* HomeViewController.xib in Resources */ = {isa = PBXBuildFile; fileRef = 4A711FCD2A8E551D00C1348D /* HomeViewController.xib */; };
		4A7390632A8E1602004E12A3 /* UICollectionView+Extension.swift in Sources */ = {isa = PBXBuildFile; fileRef = 4A7390612A8E1602004E12A3 /* UICollectionView+Extension.swift */; };
		4A7390642A8E1602004E12A3 /* UITableView+Extension.swift in Sources */ = {isa = PBXBuildFile; fileRef = 4A7390622A8E1602004E12A3 /* UITableView+Extension.swift */; };
		4A73906D2A8E20A9004E12A3 /* LoginViewController.xib in Resources */ = {isa = PBXBuildFile; fileRef = 4A73906B2A8E20A9004E12A3 /* LoginViewController.xib */; };
		4A7390712A8E2205004E12A3 /* Main.storyboard in Resources */ = {isa = PBXBuildFile; fileRef = 4A7390702A8E2205004E12A3 /* Main.storyboard */; };
		4A7390742A8E2715004E12A3 /* RegisterViewController.swift in Sources */ = {isa = PBXBuildFile; fileRef = 4A7390722A8E2715004E12A3 /* RegisterViewController.swift */; };
		4A7390752A8E2715004E12A3 /* RegisterViewController.xib in Resources */ = {isa = PBXBuildFile; fileRef = 4A7390732A8E2715004E12A3 /* RegisterViewController.xib */; };
		4A7FD2792A8DE9D600AEF0CB /* AppDelegate.swift in Sources */ = {isa = PBXBuildFile; fileRef = 4A7FD2782A8DE9D600AEF0CB /* AppDelegate.swift */; };
		4A7FD27B2A8DE9D600AEF0CB /* SceneDelegate.swift in Sources */ = {isa = PBXBuildFile; fileRef = 4A7FD27A2A8DE9D600AEF0CB /* SceneDelegate.swift */; };
		4A7FD2822A8DE9D800AEF0CB /* Assets.xcassets in Resources */ = {isa = PBXBuildFile; fileRef = 4A7FD2812A8DE9D800AEF0CB /* Assets.xcassets */; };
		4A7FD2852A8DE9D800AEF0CB /* LaunchScreen.storyboard in Resources */ = {isa = PBXBuildFile; fileRef = 4A7FD2832A8DE9D800AEF0CB /* LaunchScreen.storyboard */; };
		4A7FD2902A8DE9D900AEF0CB /* NeoSTORETests.swift in Sources */ = {isa = PBXBuildFile; fileRef = 4A7FD28F2A8DE9D900AEF0CB /* NeoSTORETests.swift */; };
		4A7FD29A2A8DE9D900AEF0CB /* NeoSTOREUITests.swift in Sources */ = {isa = PBXBuildFile; fileRef = 4A7FD2992A8DE9D900AEF0CB /* NeoSTOREUITests.swift */; };
		4A7FD29C2A8DE9D900AEF0CB /* NeoSTOREUITestsLaunchTests.swift in Sources */ = {isa = PBXBuildFile; fileRef = 4A7FD29B2A8DE9D900AEF0CB /* NeoSTOREUITestsLaunchTests.swift */; };
		4A7FD2D92A8DFCC300AEF0CB /* Constants.swift in Sources */ = {isa = PBXBuildFile; fileRef = 4A7FD2D82A8DFCC300AEF0CB /* Constants.swift */; };
		4A7FD2DB2A8E030500AEF0CB /* Gotham-Bold.otf in Resources */ = {isa = PBXBuildFile; fileRef = 4A7FD2DA2A8E030500AEF0CB /* Gotham-Bold.otf */; };
		4A7FD2E22A8E05DF00AEF0CB /* Gotham-Medium.otf in Resources */ = {isa = PBXBuildFile; fileRef = 4A7FD2E02A8E05DF00AEF0CB /* Gotham-Medium.otf */; };
		4A7FD2E32A8E05DF00AEF0CB /* Gotham-Book.otf in Resources */ = {isa = PBXBuildFile; fileRef = 4A7FD2E12A8E05DF00AEF0CB /* Gotham-Book.otf */; };
		4A8D50CD2A9C723A0056D86E /* ProductDetailsModel.swift in Sources */ = {isa = PBXBuildFile; fileRef = 4A8D50CC2A9C723A0056D86E /* ProductDetailsModel.swift */; };
		4A8D50D02A9CBEF40056D86E /* ProductImageCollectionViewCell.swift in Sources */ = {isa = PBXBuildFile; fileRef = 4A8D50CE2A9CBEF40056D86E /* ProductImageCollectionViewCell.swift */; };
		4A8D50D12A9CBEF40056D86E /* ProductImageCollectionViewCell.xib in Resources */ = {isa = PBXBuildFile; fileRef = 4A8D50CF2A9CBEF40056D86E /* ProductImageCollectionViewCell.xib */; };
		4A8E94A02A973E540067306F /* ProductListViewModel.swift in Sources */ = {isa = PBXBuildFile; fileRef = 4A8E949F2A973E540067306F /* ProductListViewModel.swift */; };
		4A8E94A32A973EEE0067306F /* ProductListAPIService.swift in Sources */ = {isa = PBXBuildFile; fileRef = 4A8E94A22A973EEE0067306F /* ProductListAPIService.swift */; };
		4A8E94A52A9750FA0067306F /* Product.swift in Sources */ = {isa = PBXBuildFile; fileRef = 4A8E94A42A9750FA0067306F /* Product.swift */; };
		4A8E94A92A976FE00067306F /* Common Functions.swift in Sources */ = {isa = PBXBuildFile; fileRef = 4A8E94A82A976FE00067306F /* Common Functions.swift */; };
		4A90F0E12A9DB726002964BC /* ProductListCell.xib in Resources */ = {isa = PBXBuildFile; fileRef = 4A90F0DF2A9DB725002964BC /* ProductListCell.xib */; };
		4A90F0E22A9DB726002964BC /* ProductListCell.swift in Sources */ = {isa = PBXBuildFile; fileRef = 4A90F0E02A9DB725002964BC /* ProductListCell.swift */; };
		4A91ED0C2A932CDC00915A0A /* ProductListViewController.swift in Sources */ = {isa = PBXBuildFile; fileRef = 4A91ED0A2A932CDC00915A0A /* ProductListViewController.swift */; };
		4A91ED0D2A932CDC00915A0A /* ProductListViewController.xib in Resources */ = {isa = PBXBuildFile; fileRef = 4A91ED0B2A932CDC00915A0A /* ProductListViewController.xib */; };
		4A91ED142A93319600915A0A /* Validation.swift in Sources */ = {isa = PBXBuildFile; fileRef = 4A91ED132A93319600915A0A /* Validation.swift */; };
		4A91ED1B2A93364E00915A0A /* DrawerHeaderTableViewCell.swift in Sources */ = {isa = PBXBuildFile; fileRef = 4A91ED192A93364E00915A0A /* DrawerHeaderTableViewCell.swift */; };
		4A91ED1C2A93364E00915A0A /* DrawerHeaderTableViewCell.xib in Resources */ = {isa = PBXBuildFile; fileRef = 4A91ED1A2A93364E00915A0A /* DrawerHeaderTableViewCell.xib */; };
		4A91ED1F2A935E3700915A0A /* LoginViewModel.swift in Sources */ = {isa = PBXBuildFile; fileRef = 4A91ED1E2A935E3700915A0A /* LoginViewModel.swift */; };
		4A91ED2A2A9365D700915A0A /* HomeModel.swift in Sources */ = {isa = PBXBuildFile; fileRef = 4A91ED292A9365D700915A0A /* HomeModel.swift */; };
		4A91ED2C2A93664200915A0A /* HomeViewModel.swift in Sources */ = {isa = PBXBuildFile; fileRef = 4A91ED2B2A93664200915A0A /* HomeViewModel.swift */; };
		4A91ED332A93673B00915A0A /* HomeCollectionViewCell.swift in Sources */ = {isa = PBXBuildFile; fileRef = 4A91ED312A93673B00915A0A /* HomeCollectionViewCell.swift */; };
		4A91ED342A93673B00915A0A /* HomeCollectionViewCell.xib in Resources */ = {isa = PBXBuildFile; fileRef = 4A91ED322A93673B00915A0A /* HomeCollectionViewCell.xib */; };
		4A930B9C2AA06AE200EF3D9D /* RatingPopUpAPIService.swift in Sources */ = {isa = PBXBuildFile; fileRef = 4A930B9B2AA06AE200EF3D9D /* RatingPopUpAPIService.swift */; };
		4A930B9E2AA072F600EF3D9D /* RatingPopUpViewModel.swift in Sources */ = {isa = PBXBuildFile; fileRef = 4A930B9D2AA072F600EF3D9D /* RatingPopUpViewModel.swift */; };
		4A930BA12AA08E3C00EF3D9D /* RatingPopUiViewController.swift in Sources */ = {isa = PBXBuildFile; fileRef = 4A930B9F2AA08E3C00EF3D9D /* RatingPopUiViewController.swift */; };
		4A930BA22AA08E3C00EF3D9D /* RatingPopUiViewController.xib in Resources */ = {isa = PBXBuildFile; fileRef = 4A930BA02AA08E3C00EF3D9D /* RatingPopUiViewController.xib */; };
		4A930BA52AA0BAEC00EF3D9D /* EnterQuantityViewController.swift in Sources */ = {isa = PBXBuildFile; fileRef = 4A930BA32AA0BAEC00EF3D9D /* EnterQuantityViewController.swift */; };
		4A930BA62AA0BAEC00EF3D9D /* EnterQuantityViewController.xib in Resources */ = {isa = PBXBuildFile; fileRef = 4A930BA42AA0BAEC00EF3D9D /* EnterQuantityViewController.xib */; };
		4A930BA92AA0BC7200EF3D9D /* EnterQuantityViewAPIService.swift in Sources */ = {isa = PBXBuildFile; fileRef = 4A930BA82AA0BC7200EF3D9D /* EnterQuantityViewAPIService.swift */; };
		4A930BAE2AA0BEE100EF3D9D /* EnterQuantityViewModel.swift in Sources */ = {isa = PBXBuildFile; fileRef = 4A930BAD2AA0BEE100EF3D9D /* EnterQuantityViewModel.swift */; };
		4A950F972AA1A06200EF3FB3 /* DrawerModel.swift in Sources */ = {isa = PBXBuildFile; fileRef = 4A950F962AA1A06200EF3FB3 /* DrawerModel.swift */; };
		4A950F9A2AA1AC3800EF3FB3 /* DrawerViewModel.swift in Sources */ = {isa = PBXBuildFile; fileRef = 4A950F992AA1AC3800EF3FB3 /* DrawerViewModel.swift */; };
		4A950F9D2AA1AD2800EF3FB3 /* DrawerAPIService.swift in Sources */ = {isa = PBXBuildFile; fileRef = 4A950F9C2AA1AD2800EF3FB3 /* DrawerAPIService.swift */; };
		4A950FA12AA1C9B700EF3FB3 /* CartCell.swift in Sources */ = {isa = PBXBuildFile; fileRef = 4A950F9F2AA1C9B700EF3FB3 /* CartCell.swift */; };
		4A950FA22AA1C9B700EF3FB3 /* CartCell.xib in Resources */ = {isa = PBXBuildFile; fileRef = 4A950FA02AA1C9B700EF3FB3 /* CartCell.xib */; };
		4A950FA42AA1F9D900EF3FB3 /* CartViewModel.swift in Sources */ = {isa = PBXBuildFile; fileRef = 4A950FA32AA1F9D900EF3FB3 /* CartViewModel.swift */; };
		4A950FA72AA1FA0D00EF3FB3 /* CartAPIService.swift in Sources */ = {isa = PBXBuildFile; fileRef = 4A950FA62AA1FA0D00EF3FB3 /* CartAPIService.swift */; };
		4A97B32F2A9A1D9C00DC11B6 /* ProductDetailsViewModel.swift in Sources */ = {isa = PBXBuildFile; fileRef = 4A97B32E2A9A1D9C00DC11B6 /* ProductDetailsViewModel.swift */; };
		4A97B3322A9A1DD300DC11B6 /* ProductDetailsAPIService.swift in Sources */ = {isa = PBXBuildFile; fileRef = 4A97B3312A9A1DD300DC11B6 /* ProductDetailsAPIService.swift */; };
		4A9A251A2A949B6900892EB0 /* RegisterViewModel.swift in Sources */ = {isa = PBXBuildFile; fileRef = 4A9A25192A949B6900892EB0 /* RegisterViewModel.swift */; };
		4A9A251D2A949BAF00892EB0 /* RegisterAPIService.swift in Sources */ = {isa = PBXBuildFile; fileRef = 4A9A251C2A949BAF00892EB0 /* RegisterAPIService.swift */; };
		4A9A6BEE2A923BDC00250B79 /* ProductDetailsViewController.swift in Sources */ = {isa = PBXBuildFile; fileRef = 4A9A6BEC2A923BDC00250B79 /* ProductDetailsViewController.swift */; };
		4A9A6BEF2A923BDC00250B79 /* ProductDetailsViewController.xib in Resources */ = {isa = PBXBuildFile; fileRef = 4A9A6BED2A923BDC00250B79 /* ProductDetailsViewController.xib */; };
		4A9A6C032A923DC000250B79 /* CartViewController.swift in Sources */ = {isa = PBXBuildFile; fileRef = 4A9A6C012A923DC000250B79 /* CartViewController.swift */; };
		4A9A6C042A923DC000250B79 /* CartViewController.xib in Resources */ = {isa = PBXBuildFile; fileRef = 4A9A6C022A923DC000250B79 /* CartViewController.xib */; };
		4A9A6C092A923E0100250B79 /* AddressListViewController.swift in Sources */ = {isa = PBXBuildFile; fileRef = 4A9A6C072A923E0100250B79 /* AddressListViewController.swift */; };
		4A9A6C0A2A923E0100250B79 /* AddressListViewController.xib in Resources */ = {isa = PBXBuildFile; fileRef = 4A9A6C082A923E0100250B79 /* AddressListViewController.xib */; };
		4A9A6C0F2A923E2B00250B79 /* AddAddressViewController.swift in Sources */ = {isa = PBXBuildFile; fileRef = 4A9A6C0D2A923E2B00250B79 /* AddAddressViewController.swift */; };
		4A9A6C102A923E2B00250B79 /* AddAddressViewController.xib in Resources */ = {isa = PBXBuildFile; fileRef = 4A9A6C0E2A923E2B00250B79 /* AddAddressViewController.xib */; };
		4A9B95282A9B531100CD724D /* ProfileViewController.swift in Sources */ = {isa = PBXBuildFile; fileRef = 4A9B95262A9B531100CD724D /* ProfileViewController.swift */; };
		4A9B95292A9B531100CD724D /* ProfileViewController.xib in Resources */ = {isa = PBXBuildFile; fileRef = 4A9B95272A9B531100CD724D /* ProfileViewController.xib */; };
		4A9B952C2A9B558C00CD724D /* EditProfileViewController.swift in Sources */ = {isa = PBXBuildFile; fileRef = 4A9B952A2A9B558C00CD724D /* EditProfileViewController.swift */; };
		4A9B952D2A9B558C00CD724D /* EditProfileViewController.xib in Resources */ = {isa = PBXBuildFile; fileRef = 4A9B952B2A9B558C00CD724D /* EditProfileViewController.xib */; };
		4A9CCA252A921A660088A036 /* HomeContainerViewController.swift in Sources */ = {isa = PBXBuildFile; fileRef = 4A9CCA242A921A660088A036 /* HomeContainerViewController.swift */; };
		4A9CCA272A9223320088A036 /* DrawerViewController.swift in Sources */ = {isa = PBXBuildFile; fileRef = 4A9CCA262A9223320088A036 /* DrawerViewController.swift */; };
		4A9CCA292A9223550088A036 /* DrawerViewController.xib in Resources */ = {isa = PBXBuildFile; fileRef = 4A9CCA282A9223550088A036 /* DrawerViewController.xib */; };
		4A9CCA372A9226AE0088A036 /* OptionsCell.swift in Sources */ = {isa = PBXBuildFile; fileRef = 4A9CCA352A9226AE0088A036 /* OptionsCell.swift */; };
		4A9CCA382A9226AE0088A036 /* OptionsCell.xib in Resources */ = {isa = PBXBuildFile; fileRef = 4A9CCA362A9226AE0088A036 /* OptionsCell.xib */; };
		4A9EF7BE2A95EB8C00C88A5D /* APIManager.swift in Sources */ = {isa = PBXBuildFile; fileRef = 4A9EF7BD2A95EB8C00C88A5D /* APIManager.swift */; };
		4A9EF7C02A95EBC800C88A5D /* APIServices.swift in Sources */ = {isa = PBXBuildFile; fileRef = 4A9EF7BF2A95EBC800C88A5D /* APIServices.swift */; };
		4A9EF7C42A961C5900C88A5D /* LoginAPIService.swift in Sources */ = {isa = PBXBuildFile; fileRef = 4A9EF7C32A961C5900C88A5D /* LoginAPIService.swift */; };
		4AF66A402A98C4F800F65CDA /* ResetPasswordViewController.swift in Sources */ = {isa = PBXBuildFile; fileRef = 4AF66A3E2A98C4F800F65CDA /* ResetPasswordViewController.swift */; };
		4AF66A412A98C4F800F65CDA /* ResetPasswordViewController.xib in Resources */ = {isa = PBXBuildFile; fileRef = 4AF66A3F2A98C4F800F65CDA /* ResetPasswordViewController.xib */; };
		4AF66A452A98D04C00F65CDA /* ProductsNameCell.swift in Sources */ = {isa = PBXBuildFile; fileRef = 4AF66A432A98D04C00F65CDA /* ProductsNameCell.swift */; };
		4AF66A462A98D04C00F65CDA /* ProductsNameCell.xib in Resources */ = {isa = PBXBuildFile; fileRef = 4AF66A442A98D04C00F65CDA /* ProductsNameCell.xib */; };
		4AF66A492A98D07100F65CDA /* ProductsDetailCell.swift in Sources */ = {isa = PBXBuildFile; fileRef = 4AF66A472A98D07100F65CDA /* ProductsDetailCell.swift */; };
		4AF66A4A2A98D07100F65CDA /* ProductsDetailCell.xib in Resources */ = {isa = PBXBuildFile; fileRef = 4AF66A482A98D07100F65CDA /* ProductsDetailCell.xib */; };
		789B8DE97A977ED5B74BE826 /* Pods_NeoSTORE.framework in Frameworks */ = {isa = PBXBuildFile; fileRef = 8E02CC93B97DD9DC88229445 /* Pods_NeoSTORE.framework */; };
		DA1371B13BDABA37FD650F58 /* Pods_NeoSTORETests.framework in Frameworks */ = {isa = PBXBuildFile; fileRef = BC83DFAD0C3B0555542676E0 /* Pods_NeoSTORETests.framework */; };
/* End PBXBuildFile section */

/* Begin PBXContainerItemProxy section */
		4A7FD28C2A8DE9D900AEF0CB /* PBXContainerItemProxy */ = {
			isa = PBXContainerItemProxy;
			containerPortal = 4A7FD26D2A8DE9D600AEF0CB /* Project object */;
			proxyType = 1;
			remoteGlobalIDString = 4A7FD2742A8DE9D600AEF0CB;
			remoteInfo = NeoSTORE;
		};
		4A7FD2962A8DE9D900AEF0CB /* PBXContainerItemProxy */ = {
			isa = PBXContainerItemProxy;
			containerPortal = 4A7FD26D2A8DE9D600AEF0CB /* Project object */;
			proxyType = 1;
			remoteGlobalIDString = 4A7FD2742A8DE9D600AEF0CB;
			remoteInfo = NeoSTORE;
		};
/* End PBXContainerItemProxy section */

/* Begin PBXFileReference section */
		036BE62EE081AC2292D526A9 /* Pods_NeoSTORE_NeoSTOREUITests.framework */ = {isa = PBXFileReference; explicitFileType = wrapper.framework; includeInIndex = 0; path = Pods_NeoSTORE_NeoSTOREUITests.framework; sourceTree = BUILT_PRODUCTS_DIR; };
		1468842086069A3780D8D90D /* Pods-NeoSTORE-NeoSTOREUITests.debug.xcconfig */ = {isa = PBXFileReference; includeInIndex = 1; lastKnownFileType = text.xcconfig; name = "Pods-NeoSTORE-NeoSTOREUITests.debug.xcconfig"; path = "Target Support Files/Pods-NeoSTORE-NeoSTOREUITests/Pods-NeoSTORE-NeoSTOREUITests.debug.xcconfig"; sourceTree = "<group>"; };
		3195F6AE66B9477BA8B14FF1 /* Pods-NeoSTORE.release.xcconfig */ = {isa = PBXFileReference; includeInIndex = 1; lastKnownFileType = text.xcconfig; name = "Pods-NeoSTORE.release.xcconfig"; path = "Target Support Files/Pods-NeoSTORE/Pods-NeoSTORE.release.xcconfig"; sourceTree = "<group>"; };
		3B2FABAE35101E077091D5F8 /* Pods-NeoSTORE.debug.xcconfig */ = {isa = PBXFileReference; includeInIndex = 1; lastKnownFileType = text.xcconfig; name = "Pods-NeoSTORE.debug.xcconfig"; path = "Target Support Files/Pods-NeoSTORE/Pods-NeoSTORE.debug.xcconfig"; sourceTree = "<group>"; };
		4A2D84632A94F17E00DD0D8B /* RegisterModel.swift */ = {isa = PBXFileReference; lastKnownFileType = sourcecode.swift; path = RegisterModel.swift; sourceTree = "<group>"; };
		4A56C0D72A8F536400693C5E /* LoginViewController.swift */ = {isa = PBXFileReference; fileEncoding = 4; lastKnownFileType = sourcecode.swift; name = LoginViewController.swift; path = ../../../../../../../LoginViewController.swift; sourceTree = "<group>"; };
		4A711FCC2A8E551D00C1348D /* HomeViewController.swift */ = {isa = PBXFileReference; lastKnownFileType = sourcecode.swift; path = HomeViewController.swift; sourceTree = "<group>"; };
		4A711FCD2A8E551D00C1348D /* HomeViewController.xib */ = {isa = PBXFileReference; lastKnownFileType = file.xib; path = HomeViewController.xib; sourceTree = "<group>"; };
		4A7390612A8E1602004E12A3 /* UICollectionView+Extension.swift */ = {isa = PBXFileReference; fileEncoding = 4; lastKnownFileType = sourcecode.swift; name = "UICollectionView+Extension.swift"; path = "../../../../../../Downloads/UICollectionView+Extension.swift"; sourceTree = "<group>"; };
		4A7390622A8E1602004E12A3 /* UITableView+Extension.swift */ = {isa = PBXFileReference; fileEncoding = 4; lastKnownFileType = sourcecode.swift; name = "UITableView+Extension.swift"; path = "../../../../../../Downloads/UITableView+Extension.swift"; sourceTree = "<group>"; };
		4A73906B2A8E20A9004E12A3 /* LoginViewController.xib */ = {isa = PBXFileReference; lastKnownFileType = file.xib; path = LoginViewController.xib; sourceTree = "<group>"; };
		4A7390702A8E2205004E12A3 /* Main.storyboard */ = {isa = PBXFileReference; lastKnownFileType = file.storyboard; path = Main.storyboard; sourceTree = "<group>"; };
		4A7390722A8E2715004E12A3 /* RegisterViewController.swift */ = {isa = PBXFileReference; lastKnownFileType = sourcecode.swift; path = RegisterViewController.swift; sourceTree = "<group>"; };
		4A7390732A8E2715004E12A3 /* RegisterViewController.xib */ = {isa = PBXFileReference; lastKnownFileType = file.xib; path = RegisterViewController.xib; sourceTree = "<group>"; };
		4A7FD2752A8DE9D600AEF0CB /* NeoSTORE.app */ = {isa = PBXFileReference; explicitFileType = wrapper.application; includeInIndex = 0; path = NeoSTORE.app; sourceTree = BUILT_PRODUCTS_DIR; };
		4A7FD2782A8DE9D600AEF0CB /* AppDelegate.swift */ = {isa = PBXFileReference; lastKnownFileType = sourcecode.swift; path = AppDelegate.swift; sourceTree = "<group>"; };
		4A7FD27A2A8DE9D600AEF0CB /* SceneDelegate.swift */ = {isa = PBXFileReference; lastKnownFileType = sourcecode.swift; path = SceneDelegate.swift; sourceTree = "<group>"; };
		4A7FD2812A8DE9D800AEF0CB /* Assets.xcassets */ = {isa = PBXFileReference; lastKnownFileType = folder.assetcatalog; path = Assets.xcassets; sourceTree = "<group>"; };
		4A7FD2842A8DE9D800AEF0CB /* Base */ = {isa = PBXFileReference; lastKnownFileType = file.storyboard; name = Base; path = Base.lproj/LaunchScreen.storyboard; sourceTree = "<group>"; };
		4A7FD2862A8DE9D800AEF0CB /* Info.plist */ = {isa = PBXFileReference; lastKnownFileType = text.plist.xml; path = Info.plist; sourceTree = "<group>"; };
		4A7FD28B2A8DE9D900AEF0CB /* NeoSTORETests.xctest */ = {isa = PBXFileReference; explicitFileType = wrapper.cfbundle; includeInIndex = 0; path = NeoSTORETests.xctest; sourceTree = BUILT_PRODUCTS_DIR; };
		4A7FD28F2A8DE9D900AEF0CB /* NeoSTORETests.swift */ = {isa = PBXFileReference; lastKnownFileType = sourcecode.swift; path = NeoSTORETests.swift; sourceTree = "<group>"; };
		4A7FD2952A8DE9D900AEF0CB /* NeoSTOREUITests.xctest */ = {isa = PBXFileReference; explicitFileType = wrapper.cfbundle; includeInIndex = 0; path = NeoSTOREUITests.xctest; sourceTree = BUILT_PRODUCTS_DIR; };
		4A7FD2992A8DE9D900AEF0CB /* NeoSTOREUITests.swift */ = {isa = PBXFileReference; lastKnownFileType = sourcecode.swift; path = NeoSTOREUITests.swift; sourceTree = "<group>"; };
		4A7FD29B2A8DE9D900AEF0CB /* NeoSTOREUITestsLaunchTests.swift */ = {isa = PBXFileReference; lastKnownFileType = sourcecode.swift; path = NeoSTOREUITestsLaunchTests.swift; sourceTree = "<group>"; };
		4A7FD2D82A8DFCC300AEF0CB /* Constants.swift */ = {isa = PBXFileReference; lastKnownFileType = sourcecode.swift; path = Constants.swift; sourceTree = "<group>"; };
		4A7FD2DA2A8E030500AEF0CB /* Gotham-Bold.otf */ = {isa = PBXFileReference; lastKnownFileType = file; path = "Gotham-Bold.otf"; sourceTree = "<group>"; };
		4A7FD2E02A8E05DF00AEF0CB /* Gotham-Medium.otf */ = {isa = PBXFileReference; lastKnownFileType = file; path = "Gotham-Medium.otf"; sourceTree = "<group>"; };
		4A7FD2E12A8E05DF00AEF0CB /* Gotham-Book.otf */ = {isa = PBXFileReference; lastKnownFileType = file; path = "Gotham-Book.otf"; sourceTree = "<group>"; };
		4A8D50CC2A9C723A0056D86E /* ProductDetailsModel.swift */ = {isa = PBXFileReference; lastKnownFileType = sourcecode.swift; path = ProductDetailsModel.swift; sourceTree = "<group>"; };
		4A8D50CE2A9CBEF40056D86E /* ProductImageCollectionViewCell.swift */ = {isa = PBXFileReference; lastKnownFileType = sourcecode.swift; path = ProductImageCollectionViewCell.swift; sourceTree = "<group>"; };
		4A8D50CF2A9CBEF40056D86E /* ProductImageCollectionViewCell.xib */ = {isa = PBXFileReference; lastKnownFileType = file.xib; path = ProductImageCollectionViewCell.xib; sourceTree = "<group>"; };
		4A8E949F2A973E540067306F /* ProductListViewModel.swift */ = {isa = PBXFileReference; lastKnownFileType = sourcecode.swift; path = ProductListViewModel.swift; sourceTree = "<group>"; };
		4A8E94A22A973EEE0067306F /* ProductListAPIService.swift */ = {isa = PBXFileReference; lastKnownFileType = sourcecode.swift; path = ProductListAPIService.swift; sourceTree = "<group>"; };
		4A8E94A42A9750FA0067306F /* Product.swift */ = {isa = PBXFileReference; lastKnownFileType = sourcecode.swift; path = Product.swift; sourceTree = "<group>"; };
		4A8E94A82A976FE00067306F /* Common Functions.swift */ = {isa = PBXFileReference; lastKnownFileType = sourcecode.swift; path = "Common Functions.swift"; sourceTree = "<group>"; };
		4A90F0DF2A9DB725002964BC /* ProductListCell.xib */ = {isa = PBXFileReference; fileEncoding = 4; lastKnownFileType = file.xib; path = ProductListCell.xib; sourceTree = "<group>"; };
		4A90F0E02A9DB725002964BC /* ProductListCell.swift */ = {isa = PBXFileReference; fileEncoding = 4; lastKnownFileType = sourcecode.swift; path = ProductListCell.swift; sourceTree = "<group>"; };
		4A91ED0A2A932CDC00915A0A /* ProductListViewController.swift */ = {isa = PBXFileReference; lastKnownFileType = sourcecode.swift; path = ProductListViewController.swift; sourceTree = "<group>"; };
		4A91ED0B2A932CDC00915A0A /* ProductListViewController.xib */ = {isa = PBXFileReference; lastKnownFileType = file.xib; path = ProductListViewController.xib; sourceTree = "<group>"; };
		4A91ED132A93319600915A0A /* Validation.swift */ = {isa = PBXFileReference; lastKnownFileType = sourcecode.swift; path = Validation.swift; sourceTree = "<group>"; };
		4A91ED192A93364E00915A0A /* DrawerHeaderTableViewCell.swift */ = {isa = PBXFileReference; lastKnownFileType = sourcecode.swift; path = DrawerHeaderTableViewCell.swift; sourceTree = "<group>"; };
		4A91ED1A2A93364E00915A0A /* DrawerHeaderTableViewCell.xib */ = {isa = PBXFileReference; lastKnownFileType = file.xib; path = DrawerHeaderTableViewCell.xib; sourceTree = "<group>"; };
		4A91ED1E2A935E3700915A0A /* LoginViewModel.swift */ = {isa = PBXFileReference; lastKnownFileType = sourcecode.swift; path = LoginViewModel.swift; sourceTree = "<group>"; };
		4A91ED292A9365D700915A0A /* HomeModel.swift */ = {isa = PBXFileReference; lastKnownFileType = sourcecode.swift; path = HomeModel.swift; sourceTree = "<group>"; };
		4A91ED2B2A93664200915A0A /* HomeViewModel.swift */ = {isa = PBXFileReference; lastKnownFileType = sourcecode.swift; path = HomeViewModel.swift; sourceTree = "<group>"; };
		4A91ED312A93673B00915A0A /* HomeCollectionViewCell.swift */ = {isa = PBXFileReference; lastKnownFileType = sourcecode.swift; path = HomeCollectionViewCell.swift; sourceTree = "<group>"; };
		4A91ED322A93673B00915A0A /* HomeCollectionViewCell.xib */ = {isa = PBXFileReference; lastKnownFileType = file.xib; path = HomeCollectionViewCell.xib; sourceTree = "<group>"; };
		4A930B9B2AA06AE200EF3D9D /* RatingPopUpAPIService.swift */ = {isa = PBXFileReference; lastKnownFileType = sourcecode.swift; path = RatingPopUpAPIService.swift; sourceTree = "<group>"; };
		4A930B9D2AA072F600EF3D9D /* RatingPopUpViewModel.swift */ = {isa = PBXFileReference; lastKnownFileType = sourcecode.swift; path = RatingPopUpViewModel.swift; sourceTree = "<group>"; };
		4A930B9F2AA08E3C00EF3D9D /* RatingPopUiViewController.swift */ = {isa = PBXFileReference; lastKnownFileType = sourcecode.swift; path = RatingPopUiViewController.swift; sourceTree = "<group>"; };
		4A930BA02AA08E3C00EF3D9D /* RatingPopUiViewController.xib */ = {isa = PBXFileReference; lastKnownFileType = file.xib; path = RatingPopUiViewController.xib; sourceTree = "<group>"; };
		4A930BA32AA0BAEC00EF3D9D /* EnterQuantityViewController.swift */ = {isa = PBXFileReference; lastKnownFileType = sourcecode.swift; path = EnterQuantityViewController.swift; sourceTree = "<group>"; };
		4A930BA42AA0BAEC00EF3D9D /* EnterQuantityViewController.xib */ = {isa = PBXFileReference; lastKnownFileType = file.xib; path = EnterQuantityViewController.xib; sourceTree = "<group>"; };
		4A930BA82AA0BC7200EF3D9D /* EnterQuantityViewAPIService.swift */ = {isa = PBXFileReference; lastKnownFileType = sourcecode.swift; path = EnterQuantityViewAPIService.swift; sourceTree = "<group>"; };
		4A930BAD2AA0BEE100EF3D9D /* EnterQuantityViewModel.swift */ = {isa = PBXFileReference; lastKnownFileType = sourcecode.swift; path = EnterQuantityViewModel.swift; sourceTree = "<group>"; };
		4A950F962AA1A06200EF3FB3 /* DrawerModel.swift */ = {isa = PBXFileReference; lastKnownFileType = sourcecode.swift; path = DrawerModel.swift; sourceTree = "<group>"; };
		4A950F992AA1AC3800EF3FB3 /* DrawerViewModel.swift */ = {isa = PBXFileReference; lastKnownFileType = sourcecode.swift; path = DrawerViewModel.swift; sourceTree = "<group>"; };
		4A950F9C2AA1AD2800EF3FB3 /* DrawerAPIService.swift */ = {isa = PBXFileReference; lastKnownFileType = sourcecode.swift; path = DrawerAPIService.swift; sourceTree = "<group>"; };
		4A950F9F2AA1C9B700EF3FB3 /* CartCell.swift */ = {isa = PBXFileReference; lastKnownFileType = sourcecode.swift; path = CartCell.swift; sourceTree = "<group>"; };
		4A950FA02AA1C9B700EF3FB3 /* CartCell.xib */ = {isa = PBXFileReference; lastKnownFileType = file.xib; path = CartCell.xib; sourceTree = "<group>"; };
		4A950FA32AA1F9D900EF3FB3 /* CartViewModel.swift */ = {isa = PBXFileReference; lastKnownFileType = sourcecode.swift; path = CartViewModel.swift; sourceTree = "<group>"; };
		4A950FA62AA1FA0D00EF3FB3 /* CartAPIService.swift */ = {isa = PBXFileReference; lastKnownFileType = sourcecode.swift; path = CartAPIService.swift; sourceTree = "<group>"; };
		4A97B32E2A9A1D9C00DC11B6 /* ProductDetailsViewModel.swift */ = {isa = PBXFileReference; lastKnownFileType = sourcecode.swift; path = ProductDetailsViewModel.swift; sourceTree = "<group>"; };
		4A97B3312A9A1DD300DC11B6 /* ProductDetailsAPIService.swift */ = {isa = PBXFileReference; lastKnownFileType = sourcecode.swift; path = ProductDetailsAPIService.swift; sourceTree = "<group>"; };
		4A9A25192A949B6900892EB0 /* RegisterViewModel.swift */ = {isa = PBXFileReference; lastKnownFileType = sourcecode.swift; path = RegisterViewModel.swift; sourceTree = "<group>"; };
		4A9A251C2A949BAF00892EB0 /* RegisterAPIService.swift */ = {isa = PBXFileReference; lastKnownFileType = sourcecode.swift; path = RegisterAPIService.swift; sourceTree = "<group>"; };
		4A9A6BEC2A923BDC00250B79 /* ProductDetailsViewController.swift */ = {isa = PBXFileReference; lastKnownFileType = sourcecode.swift; path = ProductDetailsViewController.swift; sourceTree = "<group>"; };
		4A9A6BED2A923BDC00250B79 /* ProductDetailsViewController.xib */ = {isa = PBXFileReference; lastKnownFileType = file.xib; path = ProductDetailsViewController.xib; sourceTree = "<group>"; };
		4A9A6C012A923DC000250B79 /* CartViewController.swift */ = {isa = PBXFileReference; lastKnownFileType = sourcecode.swift; path = CartViewController.swift; sourceTree = "<group>"; };
		4A9A6C022A923DC000250B79 /* CartViewController.xib */ = {isa = PBXFileReference; lastKnownFileType = file.xib; path = CartViewController.xib; sourceTree = "<group>"; };
		4A9A6C072A923E0100250B79 /* AddressListViewController.swift */ = {isa = PBXFileReference; lastKnownFileType = sourcecode.swift; path = AddressListViewController.swift; sourceTree = "<group>"; };
		4A9A6C082A923E0100250B79 /* AddressListViewController.xib */ = {isa = PBXFileReference; lastKnownFileType = file.xib; path = AddressListViewController.xib; sourceTree = "<group>"; };
		4A9A6C0D2A923E2B00250B79 /* AddAddressViewController.swift */ = {isa = PBXFileReference; lastKnownFileType = sourcecode.swift; path = AddAddressViewController.swift; sourceTree = "<group>"; };
		4A9A6C0E2A923E2B00250B79 /* AddAddressViewController.xib */ = {isa = PBXFileReference; lastKnownFileType = file.xib; path = AddAddressViewController.xib; sourceTree = "<group>"; };
		4A9B95262A9B531100CD724D /* ProfileViewController.swift */ = {isa = PBXFileReference; lastKnownFileType = sourcecode.swift; path = ProfileViewController.swift; sourceTree = "<group>"; };
		4A9B95272A9B531100CD724D /* ProfileViewController.xib */ = {isa = PBXFileReference; lastKnownFileType = file.xib; path = ProfileViewController.xib; sourceTree = "<group>"; };
		4A9B952A2A9B558C00CD724D /* EditProfileViewController.swift */ = {isa = PBXFileReference; lastKnownFileType = sourcecode.swift; path = EditProfileViewController.swift; sourceTree = "<group>"; };
		4A9B952B2A9B558C00CD724D /* EditProfileViewController.xib */ = {isa = PBXFileReference; lastKnownFileType = file.xib; path = EditProfileViewController.xib; sourceTree = "<group>"; };
		4A9CCA242A921A660088A036 /* HomeContainerViewController.swift */ = {isa = PBXFileReference; lastKnownFileType = sourcecode.swift; path = HomeContainerViewController.swift; sourceTree = "<group>"; };
		4A9CCA262A9223320088A036 /* DrawerViewController.swift */ = {isa = PBXFileReference; lastKnownFileType = sourcecode.swift; path = DrawerViewController.swift; sourceTree = "<group>"; };
		4A9CCA282A9223550088A036 /* DrawerViewController.xib */ = {isa = PBXFileReference; fileEncoding = 4; lastKnownFileType = file.xib; path = DrawerViewController.xib; sourceTree = "<group>"; };
		4A9CCA352A9226AE0088A036 /* OptionsCell.swift */ = {isa = PBXFileReference; lastKnownFileType = sourcecode.swift; path = OptionsCell.swift; sourceTree = "<group>"; };
		4A9CCA362A9226AE0088A036 /* OptionsCell.xib */ = {isa = PBXFileReference; lastKnownFileType = file.xib; path = OptionsCell.xib; sourceTree = "<group>"; };
		4A9EF7BD2A95EB8C00C88A5D /* APIManager.swift */ = {isa = PBXFileReference; lastKnownFileType = sourcecode.swift; path = APIManager.swift; sourceTree = "<group>"; };
		4A9EF7BF2A95EBC800C88A5D /* APIServices.swift */ = {isa = PBXFileReference; lastKnownFileType = sourcecode.swift; path = APIServices.swift; sourceTree = "<group>"; };
		4A9EF7C32A961C5900C88A5D /* LoginAPIService.swift */ = {isa = PBXFileReference; lastKnownFileType = sourcecode.swift; path = LoginAPIService.swift; sourceTree = "<group>"; };
		4AF66A3E2A98C4F800F65CDA /* ResetPasswordViewController.swift */ = {isa = PBXFileReference; lastKnownFileType = sourcecode.swift; path = ResetPasswordViewController.swift; sourceTree = "<group>"; };
		4AF66A3F2A98C4F800F65CDA /* ResetPasswordViewController.xib */ = {isa = PBXFileReference; lastKnownFileType = file.xib; path = ResetPasswordViewController.xib; sourceTree = "<group>"; };
		4AF66A432A98D04C00F65CDA /* ProductsNameCell.swift */ = {isa = PBXFileReference; lastKnownFileType = sourcecode.swift; path = ProductsNameCell.swift; sourceTree = "<group>"; };
		4AF66A442A98D04C00F65CDA /* ProductsNameCell.xib */ = {isa = PBXFileReference; lastKnownFileType = file.xib; path = ProductsNameCell.xib; sourceTree = "<group>"; };
		4AF66A472A98D07100F65CDA /* ProductsDetailCell.swift */ = {isa = PBXFileReference; lastKnownFileType = sourcecode.swift; path = ProductsDetailCell.swift; sourceTree = "<group>"; };
		4AF66A482A98D07100F65CDA /* ProductsDetailCell.xib */ = {isa = PBXFileReference; lastKnownFileType = file.xib; path = ProductsDetailCell.xib; sourceTree = "<group>"; };
		6D032C117B534D972C7A3592 /* Pods-NeoSTORETests.release.xcconfig */ = {isa = PBXFileReference; includeInIndex = 1; lastKnownFileType = text.xcconfig; name = "Pods-NeoSTORETests.release.xcconfig"; path = "Target Support Files/Pods-NeoSTORETests/Pods-NeoSTORETests.release.xcconfig"; sourceTree = "<group>"; };
		8274638D5B9ECF38D689ECBF /* Pods-NeoSTORETests.debug.xcconfig */ = {isa = PBXFileReference; includeInIndex = 1; lastKnownFileType = text.xcconfig; name = "Pods-NeoSTORETests.debug.xcconfig"; path = "Target Support Files/Pods-NeoSTORETests/Pods-NeoSTORETests.debug.xcconfig"; sourceTree = "<group>"; };
		8E02CC93B97DD9DC88229445 /* Pods_NeoSTORE.framework */ = {isa = PBXFileReference; explicitFileType = wrapper.framework; includeInIndex = 0; path = Pods_NeoSTORE.framework; sourceTree = BUILT_PRODUCTS_DIR; };
		A6B9332F07094AF4F250DF32 /* Pods-NeoSTORE-NeoSTOREUITests.release.xcconfig */ = {isa = PBXFileReference; includeInIndex = 1; lastKnownFileType = text.xcconfig; name = "Pods-NeoSTORE-NeoSTOREUITests.release.xcconfig"; path = "Target Support Files/Pods-NeoSTORE-NeoSTOREUITests/Pods-NeoSTORE-NeoSTOREUITests.release.xcconfig"; sourceTree = "<group>"; };
		BC83DFAD0C3B0555542676E0 /* Pods_NeoSTORETests.framework */ = {isa = PBXFileReference; explicitFileType = wrapper.framework; includeInIndex = 0; path = Pods_NeoSTORETests.framework; sourceTree = BUILT_PRODUCTS_DIR; };
/* End PBXFileReference section */

/* Begin PBXFrameworksBuildPhase section */
		4A7FD2722A8DE9D600AEF0CB /* Frameworks */ = {
			isa = PBXFrameworksBuildPhase;
			buildActionMask = 2147483647;
			files = (
				789B8DE97A977ED5B74BE826 /* Pods_NeoSTORE.framework in Frameworks */,
			);
			runOnlyForDeploymentPostprocessing = 0;
		};
		4A7FD2882A8DE9D900AEF0CB /* Frameworks */ = {
			isa = PBXFrameworksBuildPhase;
			buildActionMask = 2147483647;
			files = (
				DA1371B13BDABA37FD650F58 /* Pods_NeoSTORETests.framework in Frameworks */,
			);
			runOnlyForDeploymentPostprocessing = 0;
		};
		4A7FD2922A8DE9D900AEF0CB /* Frameworks */ = {
			isa = PBXFrameworksBuildPhase;
			buildActionMask = 2147483647;
			files = (
				34484985AC0F3D869FE69DAD /* Pods_NeoSTORE_NeoSTOREUITests.framework in Frameworks */,
			);
			runOnlyForDeploymentPostprocessing = 0;
		};
/* End PBXFrameworksBuildPhase section */

/* Begin PBXGroup section */
		18DDFB9553A4D4A304231DC2 /* Pods */ = {
			isa = PBXGroup;
			children = (
				3B2FABAE35101E077091D5F8 /* Pods-NeoSTORE.debug.xcconfig */,
				3195F6AE66B9477BA8B14FF1 /* Pods-NeoSTORE.release.xcconfig */,
				1468842086069A3780D8D90D /* Pods-NeoSTORE-NeoSTOREUITests.debug.xcconfig */,
				A6B9332F07094AF4F250DF32 /* Pods-NeoSTORE-NeoSTOREUITests.release.xcconfig */,
				8274638D5B9ECF38D689ECBF /* Pods-NeoSTORETests.debug.xcconfig */,
				6D032C117B534D972C7A3592 /* Pods-NeoSTORETests.release.xcconfig */,
			);
			path = Pods;
			sourceTree = "<group>";
		};
		4A368CDD2A8F4A9400C0D7BD /* Register */ = {
			isa = PBXGroup;
			children = (
				4A9A251B2A949B7900892EB0 /* WebService */,
				4A368CE02A8F4B1900C0D7BD /* View */,
				4A368CDF2A8F4B0500C0D7BD /* ViewModel */,
				4A368CDE2A8F4AF300C0D7BD /* Model */,
			);
			path = Register;
			sourceTree = "<group>";
		};
		4A368CDE2A8F4AF300C0D7BD /* Model */ = {
			isa = PBXGroup;
			children = (
				4A2D84632A94F17E00DD0D8B /* RegisterModel.swift */,
			);
			path = Model;
			sourceTree = "<group>";
		};
		4A368CDF2A8F4B0500C0D7BD /* ViewModel */ = {
			isa = PBXGroup;
			children = (
				4A9A25192A949B6900892EB0 /* RegisterViewModel.swift */,
			);
			path = ViewModel;
			sourceTree = "<group>";
		};
		4A368CE02A8F4B1900C0D7BD /* View */ = {
			isa = PBXGroup;
			children = (
				4A368CE22A8F4B4900C0D7BD /* Controller */,
				4A368CE12A8F4B3000C0D7BD /* Xib */,
			);
			path = View;
			sourceTree = "<group>";
		};
		4A368CE12A8F4B3000C0D7BD /* Xib */ = {
			isa = PBXGroup;
			children = (
				4A7390732A8E2715004E12A3 /* RegisterViewController.xib */,
			);
			path = Xib;
			sourceTree = "<group>";
		};
		4A368CE22A8F4B4900C0D7BD /* Controller */ = {
			isa = PBXGroup;
			children = (
				4A7390722A8E2715004E12A3 /* RegisterViewController.swift */,
			);
			path = Controller;
			sourceTree = "<group>";
		};
		4A368CE32A8F4B8B00C0D7BD /* Login */ = {
			isa = PBXGroup;
			children = (
				4A9EF7C22A961C2900C88A5D /* WebService */,
				4A368CE62A8F4BFB00C0D7BD /* Model */,
				4A368CE52A8F4BED00C0D7BD /* ViewModel */,
				4A368CE42A8F4BE300C0D7BD /* View */,
			);
			path = Login;
			sourceTree = "<group>";
		};
		4A368CE42A8F4BE300C0D7BD /* View */ = {
			isa = PBXGroup;
			children = (
				4A368CE82A8F4C2300C0D7BD /* Xib */,
				4A368CE72A8F4C0D00C0D7BD /* Controller */,
			);
			path = View;
			sourceTree = "<group>";
		};
		4A368CE52A8F4BED00C0D7BD /* ViewModel */ = {
			isa = PBXGroup;
			children = (
				4A91ED1E2A935E3700915A0A /* LoginViewModel.swift */,
			);
			path = ViewModel;
			sourceTree = "<group>";
		};
		4A368CE62A8F4BFB00C0D7BD /* Model */ = {
			isa = PBXGroup;
			children = (
			);
			path = Model;
			sourceTree = "<group>";
		};
		4A368CE72A8F4C0D00C0D7BD /* Controller */ = {
			isa = PBXGroup;
			children = (
				4A56C0D72A8F536400693C5E /* LoginViewController.swift */,
			);
			path = Controller;
			sourceTree = "<group>";
		};
		4A368CE82A8F4C2300C0D7BD /* Xib */ = {
			isa = PBXGroup;
			children = (
				4A73906B2A8E20A9004E12A3 /* LoginViewController.xib */,
			);
			path = Xib;
			sourceTree = "<group>";
		};
		4A7390602A8E15D3004E12A3 /* Extensions */ = {
			isa = PBXGroup;
			children = (
				4A7390612A8E1602004E12A3 /* UICollectionView+Extension.swift */,
				4A7390622A8E1602004E12A3 /* UITableView+Extension.swift */,
				4A8E94A82A976FE00067306F /* Common Functions.swift */,
			);
			path = Extensions;
			sourceTree = "<group>";
		};
		4A7390652A8E1BC5004E12A3 /* Xibs */ = {
			isa = PBXGroup;
			children = (
				4A711FCD2A8E551D00C1348D /* HomeViewController.xib */,
			);
			path = Xibs;
			sourceTree = "<group>";
		};
		4A7FD26C2A8DE9D600AEF0CB = {
			isa = PBXGroup;
			children = (
				4A7FD2772A8DE9D600AEF0CB /* NeoSTORE */,
				4A7FD28E2A8DE9D900AEF0CB /* NeoSTORETests */,
				4A7FD2982A8DE9D900AEF0CB /* NeoSTOREUITests */,
				4A7FD2762A8DE9D600AEF0CB /* Products */,
				18DDFB9553A4D4A304231DC2 /* Pods */,
				C926CFBCB25439DBA87CA4F1 /* Frameworks */,
			);
			sourceTree = "<group>";
		};
		4A7FD2762A8DE9D600AEF0CB /* Products */ = {
			isa = PBXGroup;
			children = (
				4A7FD2752A8DE9D600AEF0CB /* NeoSTORE.app */,
				4A7FD28B2A8DE9D900AEF0CB /* NeoSTORETests.xctest */,
				4A7FD2952A8DE9D900AEF0CB /* NeoSTOREUITests.xctest */,
			);
			name = Products;
			sourceTree = "<group>";
		};
		4A7FD2772A8DE9D600AEF0CB /* NeoSTORE */ = {
			isa = PBXGroup;
			children = (
				4A91ED1D2A935DB000915A0A /* Web Service */,
				4A368CE32A8F4B8B00C0D7BD /* Login */,
				4AF66A382A98C4A300F65CDA /* Reset Password */,
				4A368CDD2A8F4A9400C0D7BD /* Register */,
				4A7FD2A92A8DEA4700AEF0CB /* Home */,
				4A9A6BDE2A923AF900250B79 /* Product List */,
				4A9A6BE82A923BA100250B79 /* Product Details */,
				4A9A6BF02A923BF600250B79 /* Cart */,
				4A9A6BF62A923C5100250B79 /* Address */,
				4A9B95142A9B521F00CD724D /* Profile */,
				4A9B95152A9B524900CD724D /* EditProfile */,
				4A7390602A8E15D3004E12A3 /* Extensions */,
				4A7FD2D72A8DFCA200AEF0CB /* Utility */,
				4A7FD2A82A8DEA1300AEF0CB /* Application */,
				4A7FD2AB2A8DEA7B00AEF0CB /* StoryBoards */,
				4A7FD2D62A8DFC5F00AEF0CB /* Fonts */,
				4A7FD2812A8DE9D800AEF0CB /* Assets.xcassets */,
				4A7FD2862A8DE9D800AEF0CB /* Info.plist */,
			);
			path = NeoSTORE;
			sourceTree = "<group>";
		};
		4A7FD28E2A8DE9D900AEF0CB /* NeoSTORETests */ = {
			isa = PBXGroup;
			children = (
				4A7FD28F2A8DE9D900AEF0CB /* NeoSTORETests.swift */,
			);
			path = NeoSTORETests;
			sourceTree = "<group>";
		};
		4A7FD2982A8DE9D900AEF0CB /* NeoSTOREUITests */ = {
			isa = PBXGroup;
			children = (
				4A7FD2992A8DE9D900AEF0CB /* NeoSTOREUITests.swift */,
				4A7FD29B2A8DE9D900AEF0CB /* NeoSTOREUITestsLaunchTests.swift */,
			);
			path = NeoSTOREUITests;
			sourceTree = "<group>";
		};
		4A7FD2A82A8DEA1300AEF0CB /* Application */ = {
			isa = PBXGroup;
			children = (
				4A7FD2782A8DE9D600AEF0CB /* AppDelegate.swift */,
				4A7FD27A2A8DE9D600AEF0CB /* SceneDelegate.swift */,
			);
			path = Application;
			sourceTree = "<group>";
		};
		4A7FD2A92A8DEA4700AEF0CB /* Home */ = {
			isa = PBXGroup;
			children = (
				4A9CCA232A921A0E0088A036 /* Home */,
				4A9CCA222A9219F50088A036 /* HomeContainer */,
				4AD5AA722A8F8F4E00B81EE0 /* Drawer */,
			);
			path = Home;
			sourceTree = "<group>";
		};
		4A7FD2AA2A8DEA5500AEF0CB /* Controllers */ = {
			isa = PBXGroup;
			children = (
				4A711FCC2A8E551D00C1348D /* HomeViewController.swift */,
			);
			path = Controllers;
			sourceTree = "<group>";
		};
		4A7FD2AB2A8DEA7B00AEF0CB /* StoryBoards */ = {
			isa = PBXGroup;
			children = (
				4A7FD2832A8DE9D800AEF0CB /* LaunchScreen.storyboard */,
				4A7390702A8E2205004E12A3 /* Main.storyboard */,
			);
			path = StoryBoards;
			sourceTree = "<group>";
		};
		4A7FD2D62A8DFC5F00AEF0CB /* Fonts */ = {
			isa = PBXGroup;
			children = (
				4A7FD2E12A8E05DF00AEF0CB /* Gotham-Book.otf */,
				4A7FD2E02A8E05DF00AEF0CB /* Gotham-Medium.otf */,
				4A7FD2DA2A8E030500AEF0CB /* Gotham-Bold.otf */,
			);
			path = Fonts;
			sourceTree = "<group>";
		};
		4A7FD2D72A8DFCA200AEF0CB /* Utility */ = {
			isa = PBXGroup;
			children = (
				4A91ED122A93315900915A0A /* Validation */,
				4A7FD2D82A8DFCC300AEF0CB /* Constants.swift */,
			);
			path = Utility;
			sourceTree = "<group>";
		};
		4A8E94A12A973E9E0067306F /* Web Service */ = {
			isa = PBXGroup;
			children = (
				4A8E94A22A973EEE0067306F /* ProductListAPIService.swift */,
			);
			path = "Web Service";
			sourceTree = "<group>";
		};
		4A91ED092A932CB700915A0A /* ProductListCell */ = {
			isa = PBXGroup;
			children = (
				4A90F0E02A9DB725002964BC /* ProductListCell.swift */,
				4A90F0DF2A9DB725002964BC /* ProductListCell.xib */,
			);
			path = ProductListCell;
			sourceTree = "<group>";
		};
		4A91ED122A93315900915A0A /* Validation */ = {
			isa = PBXGroup;
			children = (
				4A91ED132A93319600915A0A /* Validation.swift */,
			);
			path = Validation;
			sourceTree = "<group>";
		};
		4A91ED1D2A935DB000915A0A /* Web Service */ = {
			isa = PBXGroup;
			children = (
				4A9EF7BD2A95EB8C00C88A5D /* APIManager.swift */,
				4A9EF7BF2A95EBC800C88A5D /* APIServices.swift */,
			);
			path = "Web Service";
			sourceTree = "<group>";
		};
		4A91ED202A93644C00915A0A /* HomeBottomViewCell */ = {
			isa = PBXGroup;
			children = (
				4A91ED312A93673B00915A0A /* HomeCollectionViewCell.swift */,
				4A91ED322A93673B00915A0A /* HomeCollectionViewCell.xib */,
			);
			path = HomeBottomViewCell;
			sourceTree = "<group>";
		};
		4A91ED262A93655900915A0A /* ViewModel */ = {
			isa = PBXGroup;
			children = (
				4A91ED2B2A93664200915A0A /* HomeViewModel.swift */,
			);
			path = ViewModel;
			sourceTree = "<group>";
		};
		4A91ED272A93657500915A0A /* Model */ = {
			isa = PBXGroup;
			children = (
				4A91ED292A9365D700915A0A /* HomeModel.swift */,
			);
			path = Model;
			sourceTree = "<group>";
		};
		4A91ED282A93657D00915A0A /* View */ = {
			isa = PBXGroup;
			children = (
				4A7390652A8E1BC5004E12A3 /* Xibs */,
				4A7FD2AA2A8DEA5500AEF0CB /* Controllers */,
			);
			path = View;
			sourceTree = "<group>";
		};
		4A930B992AA06A3A00EF3D9D /* RatingPopUp */ = {
			isa = PBXGroup;
			children = (
				4A930B9B2AA06AE200EF3D9D /* RatingPopUpAPIService.swift */,
			);
			path = RatingPopUp;
			sourceTree = "<group>";
		};
		4A930B9A2AA06A5000EF3D9D /* RatingPopUp */ = {
			isa = PBXGroup;
			children = (
				4A930B9D2AA072F600EF3D9D /* RatingPopUpViewModel.swift */,
			);
			path = RatingPopUp;
			sourceTree = "<group>";
		};
		4A930BA72AA0BC3800EF3D9D /* EnterQuantityView */ = {
			isa = PBXGroup;
			children = (
				4A930BA82AA0BC7200EF3D9D /* EnterQuantityViewAPIService.swift */,
			);
			path = EnterQuantityView;
			sourceTree = "<group>";
		};
		4A930BAA2AA0BE9600EF3D9D /* EnterQuatityView */ = {
			isa = PBXGroup;
			children = (
				4A930BAD2AA0BEE100EF3D9D /* EnterQuantityViewModel.swift */,
			);
			path = EnterQuatityView;
			sourceTree = "<group>";
		};
		4A950F9B2AA1ACF500EF3FB3 /* Web Service */ = {
			isa = PBXGroup;
			children = (
				4A950F9C2AA1AD2800EF3FB3 /* DrawerAPIService.swift */,
			);
			path = "Web Service";
			sourceTree = "<group>";
		};
		4A950F9E2AA1C98700EF3FB3 /* CartCell */ = {
			isa = PBXGroup;
			children = (
				4A950F9F2AA1C9B700EF3FB3 /* CartCell.swift */,
				4A950FA02AA1C9B700EF3FB3 /* CartCell.xib */,
			);
			path = CartCell;
			sourceTree = "<group>";
		};
		4A950FA52AA1F9E700EF3FB3 /* Web Services */ = {
			isa = PBXGroup;
			children = (
				4A950FA62AA1FA0D00EF3FB3 /* CartAPIService.swift */,
			);
			path = "Web Services";
			sourceTree = "<group>";
		};
		4A97B3292A9A01ED00DC11B6 /* EnterQuantityView */ = {
			isa = PBXGroup;
			children = (
				4A930BA32AA0BAEC00EF3D9D /* EnterQuantityViewController.swift */,
				4A930BA42AA0BAEC00EF3D9D /* EnterQuantityViewController.xib */,
			);
			path = EnterQuantityView;
			sourceTree = "<group>";
		};
		4A97B3302A9A1DA300DC11B6 /* Web Service */ = {
			isa = PBXGroup;
			children = (
				4A930BA72AA0BC3800EF3D9D /* EnterQuantityView */,
				4A930B992AA06A3A00EF3D9D /* RatingPopUp */,
				4A97B3312A9A1DD300DC11B6 /* ProductDetailsAPIService.swift */,
			);
			path = "Web Service";
			sourceTree = "<group>";
		};
		4A9A251B2A949B7900892EB0 /* WebService */ = {
			isa = PBXGroup;
			children = (
				4A9A251C2A949BAF00892EB0 /* RegisterAPIService.swift */,
			);
			path = WebService;
			sourceTree = "<group>";
		};
		4A9A6BDE2A923AF900250B79 /* Product List */ = {
			isa = PBXGroup;
			children = (
				4A8E94A12A973E9E0067306F /* Web Service */,
				4AEB44CE2A93275F0054E69B /* View */,
				4A9A6BE12A923B2F00250B79 /* ViewModel */,
				4A9A6BDF2A923B1900250B79 /* Model */,
			);
			path = "Product List";
			sourceTree = "<group>";
		};
		4A9A6BDF2A923B1900250B79 /* Model */ = {
			isa = PBXGroup;
			children = (
				4A8E94A42A9750FA0067306F /* Product.swift */,
			);
			path = Model;
			sourceTree = "<group>";
		};
		4A9A6BE12A923B2F00250B79 /* ViewModel */ = {
			isa = PBXGroup;
			children = (
				4A8E949F2A973E540067306F /* ProductListViewModel.swift */,
			);
			path = ViewModel;
			sourceTree = "<group>";
		};
		4A9A6BE82A923BA100250B79 /* Product Details */ = {
			isa = PBXGroup;
			children = (
				4A97B3302A9A1DA300DC11B6 /* Web Service */,
				4A9A6BEB2A923BBF00250B79 /* ViewModel */,
				4A9A6BEA2A923BB900250B79 /* View */,
				4AF66A422A98CFB400F65CDA /* ProductDetailsCell */,
				4A9A6BE92A923BB000250B79 /* Model */,
			);
			path = "Product Details";
			sourceTree = "<group>";
		};
		4A9A6BE92A923BB000250B79 /* Model */ = {
			isa = PBXGroup;
			children = (
				4A8D50CC2A9C723A0056D86E /* ProductDetailsModel.swift */,
			);
			path = Model;
			sourceTree = "<group>";
		};
		4A9A6BEA2A923BB900250B79 /* View */ = {
			isa = PBXGroup;
			children = (
				4A97B3292A9A01ED00DC11B6 /* EnterQuantityView */,
				4AF66A4F2A98D50200F65CDA /* RatingPopUp */,
				4A9A6BF52A923C3900250B79 /* Controller */,
				4A9A6BF42A923C3200250B79 /* Xib */,
			);
			path = View;
			sourceTree = "<group>";
		};
		4A9A6BEB2A923BBF00250B79 /* ViewModel */ = {
			isa = PBXGroup;
			children = (
				4A930BAA2AA0BE9600EF3D9D /* EnterQuatityView */,
				4A930B9A2AA06A5000EF3D9D /* RatingPopUp */,
				4A97B32E2A9A1D9C00DC11B6 /* ProductDetailsViewModel.swift */,
			);
			path = ViewModel;
			sourceTree = "<group>";
		};
		4A9A6BF02A923BF600250B79 /* Cart */ = {
			isa = PBXGroup;
			children = (
				4A950FA52AA1F9E700EF3FB3 /* Web Services */,
				4A9A6BF32A923C2500250B79 /* ViewModel */,
				4A9A6BF22A923C1E00250B79 /* Model */,
				4A9A6BF12A923C1300250B79 /* View */,
			);
			path = Cart;
			sourceTree = "<group>";
		};
		4A9A6BF12A923C1300250B79 /* View */ = {
			isa = PBXGroup;
			children = (
				4A950F9E2AA1C98700EF3FB3 /* CartCell */,
				4A9A6C002A923DA400250B79 /* Controller */,
				4A9A6BFF2A923D9B00250B79 /* Xib */,
			);
			path = View;
			sourceTree = "<group>";
		};
		4A9A6BF22A923C1E00250B79 /* Model */ = {
			isa = PBXGroup;
			children = (
			);
			path = Model;
			sourceTree = "<group>";
		};
		4A9A6BF32A923C2500250B79 /* ViewModel */ = {
			isa = PBXGroup;
			children = (
				4A950FA32AA1F9D900EF3FB3 /* CartViewModel.swift */,
			);
			path = ViewModel;
			sourceTree = "<group>";
		};
		4A9A6BF42A923C3200250B79 /* Xib */ = {
			isa = PBXGroup;
			children = (
				4A9A6BED2A923BDC00250B79 /* ProductDetailsViewController.xib */,
			);
			path = Xib;
			sourceTree = "<group>";
		};
		4A9A6BF52A923C3900250B79 /* Controller */ = {
			isa = PBXGroup;
			children = (
				4A9A6BEC2A923BDC00250B79 /* ProductDetailsViewController.swift */,
			);
			path = Controller;
			sourceTree = "<group>";
		};
		4A9A6BF62A923C5100250B79 /* Address */ = {
			isa = PBXGroup;
			children = (
				4A9A6BF82A923C9A00250B79 /* Address List */,
				4A9A6BF72A923C8300250B79 /* Add Address */,
			);
			path = Address;
			sourceTree = "<group>";
		};
		4A9A6BF72A923C8300250B79 /* Add Address */ = {
			isa = PBXGroup;
			children = (
				4A9A6BFE2A923D8A00250B79 /* Model */,
				4A9A6BFD2A923D7D00250B79 /* ViewModel */,
				4A9A6BFC2A923D7500250B79 /* View */,
			);
			path = "Add Address";
			sourceTree = "<group>";
		};
		4A9A6BF82A923C9A00250B79 /* Address List */ = {
			isa = PBXGroup;
			children = (
				4A9A6BFB2A923D6D00250B79 /* Model */,
				4A9A6BFA2A923D6400250B79 /* ViewModel */,
				4A9A6BF92A923D5E00250B79 /* View */,
			);
			path = "Address List";
			sourceTree = "<group>";
		};
		4A9A6BF92A923D5E00250B79 /* View */ = {
			isa = PBXGroup;
			children = (
				4A9A6C062A923DDA00250B79 /* Controller */,
				4A9A6C052A923DD500250B79 /* Xib */,
			);
			path = View;
			sourceTree = "<group>";
		};
		4A9A6BFA2A923D6400250B79 /* ViewModel */ = {
			isa = PBXGroup;
			children = (
			);
			path = ViewModel;
			sourceTree = "<group>";
		};
		4A9A6BFB2A923D6D00250B79 /* Model */ = {
			isa = PBXGroup;
			children = (
			);
			path = Model;
			sourceTree = "<group>";
		};
		4A9A6BFC2A923D7500250B79 /* View */ = {
			isa = PBXGroup;
			children = (
				4A9A6C0C2A923E1100250B79 /* Controller */,
				4A9A6C0B2A923E0C00250B79 /* Xib */,
			);
			path = View;
			sourceTree = "<group>";
		};
		4A9A6BFD2A923D7D00250B79 /* ViewModel */ = {
			isa = PBXGroup;
			children = (
			);
			path = ViewModel;
			sourceTree = "<group>";
		};
		4A9A6BFE2A923D8A00250B79 /* Model */ = {
			isa = PBXGroup;
			children = (
			);
			path = Model;
			sourceTree = "<group>";
		};
		4A9A6BFF2A923D9B00250B79 /* Xib */ = {
			isa = PBXGroup;
			children = (
				4A9A6C022A923DC000250B79 /* CartViewController.xib */,
			);
			path = Xib;
			sourceTree = "<group>";
		};
		4A9A6C002A923DA400250B79 /* Controller */ = {
			isa = PBXGroup;
			children = (
				4A9A6C012A923DC000250B79 /* CartViewController.swift */,
			);
			path = Controller;
			sourceTree = "<group>";
		};
		4A9A6C052A923DD500250B79 /* Xib */ = {
			isa = PBXGroup;
			children = (
				4A9A6C082A923E0100250B79 /* AddressListViewController.xib */,
			);
			path = Xib;
			sourceTree = "<group>";
		};
		4A9A6C062A923DDA00250B79 /* Controller */ = {
			isa = PBXGroup;
			children = (
				4A9A6C072A923E0100250B79 /* AddressListViewController.swift */,
			);
			path = Controller;
			sourceTree = "<group>";
		};
		4A9A6C0B2A923E0C00250B79 /* Xib */ = {
			isa = PBXGroup;
			children = (
				4A9A6C0E2A923E2B00250B79 /* AddAddressViewController.xib */,
			);
			path = Xib;
			sourceTree = "<group>";
		};
		4A9A6C0C2A923E1100250B79 /* Controller */ = {
			isa = PBXGroup;
			children = (
				4A9A6C0D2A923E2B00250B79 /* AddAddressViewController.swift */,
			);
			path = Controller;
			sourceTree = "<group>";
		};
		4A9B95142A9B521F00CD724D /* Profile */ = {
			isa = PBXGroup;
			children = (
				4A9B95192A9B527B00CD724D /* Web Services */,
				4A9B95182A9B527500CD724D /* Model */,
				4A9B95172A9B526C00CD724D /* View Model */,
				4A9B95162A9B526600CD724D /* View */,
			);
			path = Profile;
			sourceTree = "<group>";
		};
		4A9B95152A9B524900CD724D /* EditProfile */ = {
			isa = PBXGroup;
			children = (
				4A9B951D2A9B52AA00CD724D /* Model */,
				4A9B951C2A9B52A300CD724D /* View Model */,
				4A9B951B2A9B529D00CD724D /* View */,
				4A9B951A2A9B529200CD724D /* Web Services */,
			);
			path = EditProfile;
			sourceTree = "<group>";
		};
		4A9B95162A9B526600CD724D /* View */ = {
			isa = PBXGroup;
			children = (
				4A9B95212A9B52CB00CD724D /* Controller */,
				4A9B95202A9B52C500CD724D /* Xib */,
			);
			path = View;
			sourceTree = "<group>";
		};
		4A9B95172A9B526C00CD724D /* View Model */ = {
			isa = PBXGroup;
			children = (
			);
			path = "View Model";
			sourceTree = "<group>";
		};
		4A9B95182A9B527500CD724D /* Model */ = {
			isa = PBXGroup;
			children = (
			);
			path = Model;
			sourceTree = "<group>";
		};
		4A9B95192A9B527B00CD724D /* Web Services */ = {
			isa = PBXGroup;
			children = (
			);
			path = "Web Services";
			sourceTree = "<group>";
		};
		4A9B951A2A9B529200CD724D /* Web Services */ = {
			isa = PBXGroup;
			children = (
			);
			path = "Web Services";
			sourceTree = "<group>";
		};
		4A9B951B2A9B529D00CD724D /* View */ = {
			isa = PBXGroup;
			children = (
				4A9B951F2A9B52B600CD724D /* Controller */,
				4A9B951E2A9B52AF00CD724D /* Xib */,
			);
			path = View;
			sourceTree = "<group>";
		};
		4A9B951C2A9B52A300CD724D /* View Model */ = {
			isa = PBXGroup;
			children = (
			);
			path = "View Model";
			sourceTree = "<group>";
		};
		4A9B951D2A9B52AA00CD724D /* Model */ = {
			isa = PBXGroup;
			children = (
			);
			path = Model;
			sourceTree = "<group>";
		};
		4A9B951E2A9B52AF00CD724D /* Xib */ = {
			isa = PBXGroup;
			children = (
				4A9B952B2A9B558C00CD724D /* EditProfileViewController.xib */,
			);
			path = Xib;
			sourceTree = "<group>";
		};
		4A9B951F2A9B52B600CD724D /* Controller */ = {
			isa = PBXGroup;
			children = (
				4A9B952A2A9B558C00CD724D /* EditProfileViewController.swift */,
			);
			path = Controller;
			sourceTree = "<group>";
		};
		4A9B95202A9B52C500CD724D /* Xib */ = {
			isa = PBXGroup;
			children = (
				4A9B95272A9B531100CD724D /* ProfileViewController.xib */,
			);
			path = Xib;
			sourceTree = "<group>";
		};
		4A9B95212A9B52CB00CD724D /* Controller */ = {
			isa = PBXGroup;
			children = (
				4A9B95262A9B531100CD724D /* ProfileViewController.swift */,
			);
			path = Controller;
			sourceTree = "<group>";
		};
		4A9CCA222A9219F50088A036 /* HomeContainer */ = {
			isa = PBXGroup;
			children = (
				4A9CCA242A921A660088A036 /* HomeContainerViewController.swift */,
			);
			path = HomeContainer;
			sourceTree = "<group>";
		};
		4A9CCA232A921A0E0088A036 /* Home */ = {
			isa = PBXGroup;
			children = (
				4A91ED282A93657D00915A0A /* View */,
				4A91ED272A93657500915A0A /* Model */,
				4A91ED262A93655900915A0A /* ViewModel */,
				4A91ED202A93644C00915A0A /* HomeBottomViewCell */,
			);
			path = Home;
			sourceTree = "<group>";
		};
		4A9CCA2A2A9226010088A036 /* DrawerTableCell */ = {
			isa = PBXGroup;
			children = (
				4A9CCA2F2A92264C0088A036 /* Heading Cell */,
				4A9CCA302A92265C0088A036 /* Options Cell */,
			);
			path = DrawerTableCell;
			sourceTree = "<group>";
		};
		4A9CCA2F2A92264C0088A036 /* Heading Cell */ = {
			isa = PBXGroup;
			children = (
				4A91ED192A93364E00915A0A /* DrawerHeaderTableViewCell.swift */,
				4A91ED1A2A93364E00915A0A /* DrawerHeaderTableViewCell.xib */,
			);
			path = "Heading Cell";
			sourceTree = "<group>";
		};
		4A9CCA302A92265C0088A036 /* Options Cell */ = {
			isa = PBXGroup;
			children = (
				4A9CCA352A9226AE0088A036 /* OptionsCell.swift */,
				4A9CCA362A9226AE0088A036 /* OptionsCell.xib */,
			);
			path = "Options Cell";
			sourceTree = "<group>";
		};
		4A9EF7C22A961C2900C88A5D /* WebService */ = {
			isa = PBXGroup;
			children = (
				4A9EF7C32A961C5900C88A5D /* LoginAPIService.swift */,
			);
			path = WebService;
			sourceTree = "<group>";
		};
		4AD5AA722A8F8F4E00B81EE0 /* Drawer */ = {
			isa = PBXGroup;
			children = (
				4A950F9B2AA1ACF500EF3FB3 /* Web Service */,
				4AD5AA752A8F8F7700B81EE0 /* View Model */,
				4AD5AA742A8F8F6400B81EE0 /* View */,
				4AD5AA732A8F8F5D00B81EE0 /* Model */,
			);
			path = Drawer;
			sourceTree = "<group>";
		};
		4AD5AA732A8F8F5D00B81EE0 /* Model */ = {
			isa = PBXGroup;
			children = (
				4A950F962AA1A06200EF3FB3 /* DrawerModel.swift */,
			);
			path = Model;
			sourceTree = "<group>";
		};
		4AD5AA742A8F8F6400B81EE0 /* View */ = {
			isa = PBXGroup;
			children = (
				4AD5AA772A8F8F9600B81EE0 /* Xib */,
				4AD5AA762A8F8F8900B81EE0 /* Controller */,
			);
			path = View;
			sourceTree = "<group>";
		};
		4AD5AA752A8F8F7700B81EE0 /* View Model */ = {
			isa = PBXGroup;
			children = (
				4A950F992AA1AC3800EF3FB3 /* DrawerViewModel.swift */,
			);
			path = "View Model";
			sourceTree = "<group>";
		};
		4AD5AA762A8F8F8900B81EE0 /* Controller */ = {
			isa = PBXGroup;
			children = (
				4A9CCA262A9223320088A036 /* DrawerViewController.swift */,
			);
			path = Controller;
			sourceTree = "<group>";
		};
		4AD5AA772A8F8F9600B81EE0 /* Xib */ = {
			isa = PBXGroup;
			children = (
				4A9CCA2A2A9226010088A036 /* DrawerTableCell */,
				4A9CCA282A9223550088A036 /* DrawerViewController.xib */,
			);
			path = Xib;
			sourceTree = "<group>";
		};
		4AEB44CE2A93275F0054E69B /* View */ = {
			isa = PBXGroup;
			children = (
				4AEB44D12A9327800054E69B /* Controller */,
				4AEB44CF2A93276C0054E69B /* Xib */,
			);
			path = View;
			sourceTree = "<group>";
		};
		4AEB44CF2A93276C0054E69B /* Xib */ = {
			isa = PBXGroup;
			children = (
				4A91ED092A932CB700915A0A /* ProductListCell */,
				4A91ED0B2A932CDC00915A0A /* ProductListViewController.xib */,
			);
			path = Xib;
			sourceTree = "<group>";
		};
		4AEB44D12A9327800054E69B /* Controller */ = {
			isa = PBXGroup;
			children = (
				4A91ED0A2A932CDC00915A0A /* ProductListViewController.swift */,
			);
			path = Controller;
			sourceTree = "<group>";
		};
		4AF66A382A98C4A300F65CDA /* Reset Password */ = {
			isa = PBXGroup;
			children = (
				4AF66A3B2A98C4C600F65CDA /* Model */,
				4AF66A3A2A98C4B900F65CDA /* ViewModel */,
				4AF66A392A98C4B300F65CDA /* View */,
			);
			path = "Reset Password";
			sourceTree = "<group>";
		};
		4AF66A392A98C4B300F65CDA /* View */ = {
			isa = PBXGroup;
			children = (
				4AF66A3D2A98C4D300F65CDA /* Controller */,
				4AF66A3C2A98C4CC00F65CDA /* Xib */,
			);
			path = View;
			sourceTree = "<group>";
		};
		4AF66A3A2A98C4B900F65CDA /* ViewModel */ = {
			isa = PBXGroup;
			children = (
			);
			path = ViewModel;
			sourceTree = "<group>";
		};
		4AF66A3B2A98C4C600F65CDA /* Model */ = {
			isa = PBXGroup;
			children = (
			);
			path = Model;
			sourceTree = "<group>";
		};
		4AF66A3C2A98C4CC00F65CDA /* Xib */ = {
			isa = PBXGroup;
			children = (
				4AF66A3F2A98C4F800F65CDA /* ResetPasswordViewController.xib */,
			);
			path = Xib;
			sourceTree = "<group>";
		};
		4AF66A3D2A98C4D300F65CDA /* Controller */ = {
			isa = PBXGroup;
			children = (
				4AF66A3E2A98C4F800F65CDA /* ResetPasswordViewController.swift */,
			);
			path = Controller;
			sourceTree = "<group>";
		};
		4AF66A422A98CFB400F65CDA /* ProductDetailsCell */ = {
			isa = PBXGroup;
			children = (
				4AF66A432A98D04C00F65CDA /* ProductsNameCell.swift */,
				4AF66A442A98D04C00F65CDA /* ProductsNameCell.xib */,
				4AF66A472A98D07100F65CDA /* ProductsDetailCell.swift */,
				4AF66A482A98D07100F65CDA /* ProductsDetailCell.xib */,
				4A8D50CE2A9CBEF40056D86E /* ProductImageCollectionViewCell.swift */,
				4A8D50CF2A9CBEF40056D86E /* ProductImageCollectionViewCell.xib */,
			);
			path = ProductDetailsCell;
			sourceTree = "<group>";
		};
		4AF66A4F2A98D50200F65CDA /* RatingPopUp */ = {
			isa = PBXGroup;
			children = (
				4A930B9F2AA08E3C00EF3D9D /* RatingPopUiViewController.swift */,
				4A930BA02AA08E3C00EF3D9D /* RatingPopUiViewController.xib */,
			);
			path = RatingPopUp;
			sourceTree = "<group>";
		};
		C926CFBCB25439DBA87CA4F1 /* Frameworks */ = {
			isa = PBXGroup;
			children = (
				8E02CC93B97DD9DC88229445 /* Pods_NeoSTORE.framework */,
				036BE62EE081AC2292D526A9 /* Pods_NeoSTORE_NeoSTOREUITests.framework */,
				BC83DFAD0C3B0555542676E0 /* Pods_NeoSTORETests.framework */,
			);
			name = Frameworks;
			sourceTree = "<group>";
		};
/* End PBXGroup section */

/* Begin PBXNativeTarget section */
		4A7FD2742A8DE9D600AEF0CB /* NeoSTORE */ = {
			isa = PBXNativeTarget;
			buildConfigurationList = 4A7FD29F2A8DE9D900AEF0CB /* Build configuration list for PBXNativeTarget "NeoSTORE" */;
			buildPhases = (
				8DD1D7567C17878DEA705F75 /* [CP] Check Pods Manifest.lock */,
				4A7FD2712A8DE9D600AEF0CB /* Sources */,
				4A7FD2722A8DE9D600AEF0CB /* Frameworks */,
				4A7FD2732A8DE9D600AEF0CB /* Resources */,
				7D3508ACC826617F586A9103 /* [CP] Embed Pods Frameworks */,
			);
			buildRules = (
			);
			dependencies = (
			);
			name = NeoSTORE;
			productName = NeoSTORE;
			productReference = 4A7FD2752A8DE9D600AEF0CB /* NeoSTORE.app */;
			productType = "com.apple.product-type.application";
		};
		4A7FD28A2A8DE9D900AEF0CB /* NeoSTORETests */ = {
			isa = PBXNativeTarget;
			buildConfigurationList = 4A7FD2A22A8DE9D900AEF0CB /* Build configuration list for PBXNativeTarget "NeoSTORETests" */;
			buildPhases = (
				62D07811900EA8A6B6C09CAF /* [CP] Check Pods Manifest.lock */,
				4A7FD2872A8DE9D900AEF0CB /* Sources */,
				4A7FD2882A8DE9D900AEF0CB /* Frameworks */,
				4A7FD2892A8DE9D900AEF0CB /* Resources */,
			);
			buildRules = (
			);
			dependencies = (
				4A7FD28D2A8DE9D900AEF0CB /* PBXTargetDependency */,
			);
			name = NeoSTORETests;
			productName = NeoSTORETests;
			productReference = 4A7FD28B2A8DE9D900AEF0CB /* NeoSTORETests.xctest */;
			productType = "com.apple.product-type.bundle.unit-test";
		};
		4A7FD2942A8DE9D900AEF0CB /* NeoSTOREUITests */ = {
			isa = PBXNativeTarget;
			buildConfigurationList = 4A7FD2A52A8DE9D900AEF0CB /* Build configuration list for PBXNativeTarget "NeoSTOREUITests" */;
			buildPhases = (
				56DEBFF15D1B951DFE85F7B9 /* [CP] Check Pods Manifest.lock */,
				4A7FD2912A8DE9D900AEF0CB /* Sources */,
				4A7FD2922A8DE9D900AEF0CB /* Frameworks */,
				4A7FD2932A8DE9D900AEF0CB /* Resources */,
				C17A0FDB340C94D668564299 /* [CP] Embed Pods Frameworks */,
			);
			buildRules = (
			);
			dependencies = (
				4A7FD2972A8DE9D900AEF0CB /* PBXTargetDependency */,
			);
			name = NeoSTOREUITests;
			productName = NeoSTOREUITests;
			productReference = 4A7FD2952A8DE9D900AEF0CB /* NeoSTOREUITests.xctest */;
			productType = "com.apple.product-type.bundle.ui-testing";
		};
/* End PBXNativeTarget section */

/* Begin PBXProject section */
		4A7FD26D2A8DE9D600AEF0CB /* Project object */ = {
			isa = PBXProject;
			attributes = {
				BuildIndependentTargetsInParallel = 1;
				LastSwiftUpdateCheck = 1420;
				LastUpgradeCheck = 1420;
				TargetAttributes = {
					4A7FD2742A8DE9D600AEF0CB = {
						CreatedOnToolsVersion = 14.2;
					};
					4A7FD28A2A8DE9D900AEF0CB = {
						CreatedOnToolsVersion = 14.2;
						TestTargetID = 4A7FD2742A8DE9D600AEF0CB;
					};
					4A7FD2942A8DE9D900AEF0CB = {
						CreatedOnToolsVersion = 14.2;
						TestTargetID = 4A7FD2742A8DE9D600AEF0CB;
					};
				};
			};
			buildConfigurationList = 4A7FD2702A8DE9D600AEF0CB /* Build configuration list for PBXProject "NeoSTORE" */;
			compatibilityVersion = "Xcode 14.0";
			developmentRegion = en;
			hasScannedForEncodings = 0;
			knownRegions = (
				en,
				Base,
			);
			mainGroup = 4A7FD26C2A8DE9D600AEF0CB;
			productRefGroup = 4A7FD2762A8DE9D600AEF0CB /* Products */;
			projectDirPath = "";
			projectRoot = "";
			targets = (
				4A7FD2742A8DE9D600AEF0CB /* NeoSTORE */,
				4A7FD28A2A8DE9D900AEF0CB /* NeoSTORETests */,
				4A7FD2942A8DE9D900AEF0CB /* NeoSTOREUITests */,
			);
		};
/* End PBXProject section */

/* Begin PBXResourcesBuildPhase section */
		4A7FD2732A8DE9D600AEF0CB /* Resources */ = {
			isa = PBXResourcesBuildPhase;
			buildActionMask = 2147483647;
			files = (
				4A9A6C042A923DC000250B79 /* CartViewController.xib in Resources */,
				4A7390712A8E2205004E12A3 /* Main.storyboard in Resources */,
				4A930BA22AA08E3C00EF3D9D /* RatingPopUiViewController.xib in Resources */,
				4AF66A412A98C4F800F65CDA /* ResetPasswordViewController.xib in Resources */,
				4A91ED1C2A93364E00915A0A /* DrawerHeaderTableViewCell.xib in Resources */,
				4A7FD2E32A8E05DF00AEF0CB /* Gotham-Book.otf in Resources */,
				4A8D50D12A9CBEF40056D86E /* ProductImageCollectionViewCell.xib in Resources */,
				4A91ED0D2A932CDC00915A0A /* ProductListViewController.xib in Resources */,
				4A9CCA382A9226AE0088A036 /* OptionsCell.xib in Resources */,
				4A9B95292A9B531100CD724D /* ProfileViewController.xib in Resources */,
				4A7FD2DB2A8E030500AEF0CB /* Gotham-Bold.otf in Resources */,
				4A9A6C0A2A923E0100250B79 /* AddressListViewController.xib in Resources */,
				4A90F0E12A9DB726002964BC /* ProductListCell.xib in Resources */,
				4A9A6BEF2A923BDC00250B79 /* ProductDetailsViewController.xib in Resources */,
				4A7FD2852A8DE9D800AEF0CB /* LaunchScreen.storyboard in Resources */,
				4A950FA22AA1C9B700EF3FB3 /* CartCell.xib in Resources */,
				4A930BA62AA0BAEC00EF3D9D /* EnterQuantityViewController.xib in Resources */,
				4A9A6C102A923E2B00250B79 /* AddAddressViewController.xib in Resources */,
				4AF66A462A98D04C00F65CDA /* ProductsNameCell.xib in Resources */,
				4A7FD2822A8DE9D800AEF0CB /* Assets.xcassets in Resources */,
				4A73906D2A8E20A9004E12A3 /* LoginViewController.xib in Resources */,
				4A91ED342A93673B00915A0A /* HomeCollectionViewCell.xib in Resources */,
				4AF66A4A2A98D07100F65CDA /* ProductsDetailCell.xib in Resources */,
				4A7FD2E22A8E05DF00AEF0CB /* Gotham-Medium.otf in Resources */,
				4A9B952D2A9B558C00CD724D /* EditProfileViewController.xib in Resources */,
				4A9CCA292A9223550088A036 /* DrawerViewController.xib in Resources */,
				4A7390752A8E2715004E12A3 /* RegisterViewController.xib in Resources */,
				4A711FCF2A8E551D00C1348D /* HomeViewController.xib in Resources */,
			);
			runOnlyForDeploymentPostprocessing = 0;
		};
		4A7FD2892A8DE9D900AEF0CB /* Resources */ = {
			isa = PBXResourcesBuildPhase;
			buildActionMask = 2147483647;
			files = (
			);
			runOnlyForDeploymentPostprocessing = 0;
		};
		4A7FD2932A8DE9D900AEF0CB /* Resources */ = {
			isa = PBXResourcesBuildPhase;
			buildActionMask = 2147483647;
			files = (
			);
			runOnlyForDeploymentPostprocessing = 0;
		};
/* End PBXResourcesBuildPhase section */

/* Begin PBXShellScriptBuildPhase section */
		56DEBFF15D1B951DFE85F7B9 /* [CP] Check Pods Manifest.lock */ = {
			isa = PBXShellScriptBuildPhase;
			buildActionMask = 2147483647;
			files = (
			);
			inputFileListPaths = (
			);
			inputPaths = (
				"${PODS_PODFILE_DIR_PATH}/Podfile.lock",
				"${PODS_ROOT}/Manifest.lock",
			);
			name = "[CP] Check Pods Manifest.lock";
			outputFileListPaths = (
			);
			outputPaths = (
				"$(DERIVED_FILE_DIR)/Pods-NeoSTORE-NeoSTOREUITests-checkManifestLockResult.txt",
			);
			runOnlyForDeploymentPostprocessing = 0;
			shellPath = /bin/sh;
			shellScript = "diff \"${PODS_PODFILE_DIR_PATH}/Podfile.lock\" \"${PODS_ROOT}/Manifest.lock\" > /dev/null\nif [ $? != 0 ] ; then\n    # print error to STDERR\n    echo \"error: The sandbox is not in sync with the Podfile.lock. Run 'pod install' or update your CocoaPods installation.\" >&2\n    exit 1\nfi\n# This output is used by Xcode 'outputs' to avoid re-running this script phase.\necho \"SUCCESS\" > \"${SCRIPT_OUTPUT_FILE_0}\"\n";
			showEnvVarsInLog = 0;
		};
		62D07811900EA8A6B6C09CAF /* [CP] Check Pods Manifest.lock */ = {
			isa = PBXShellScriptBuildPhase;
			buildActionMask = 2147483647;
			files = (
			);
			inputFileListPaths = (
			);
			inputPaths = (
				"${PODS_PODFILE_DIR_PATH}/Podfile.lock",
				"${PODS_ROOT}/Manifest.lock",
			);
			name = "[CP] Check Pods Manifest.lock";
			outputFileListPaths = (
			);
			outputPaths = (
				"$(DERIVED_FILE_DIR)/Pods-NeoSTORETests-checkManifestLockResult.txt",
			);
			runOnlyForDeploymentPostprocessing = 0;
			shellPath = /bin/sh;
			shellScript = "diff \"${PODS_PODFILE_DIR_PATH}/Podfile.lock\" \"${PODS_ROOT}/Manifest.lock\" > /dev/null\nif [ $? != 0 ] ; then\n    # print error to STDERR\n    echo \"error: The sandbox is not in sync with the Podfile.lock. Run 'pod install' or update your CocoaPods installation.\" >&2\n    exit 1\nfi\n# This output is used by Xcode 'outputs' to avoid re-running this script phase.\necho \"SUCCESS\" > \"${SCRIPT_OUTPUT_FILE_0}\"\n";
			showEnvVarsInLog = 0;
		};
		7D3508ACC826617F586A9103 /* [CP] Embed Pods Frameworks */ = {
			isa = PBXShellScriptBuildPhase;
			buildActionMask = 2147483647;
			files = (
			);
			inputFileListPaths = (
				"${PODS_ROOT}/Target Support Files/Pods-NeoSTORE/Pods-NeoSTORE-frameworks-${CONFIGURATION}-input-files.xcfilelist",
			);
			name = "[CP] Embed Pods Frameworks";
			outputFileListPaths = (
				"${PODS_ROOT}/Target Support Files/Pods-NeoSTORE/Pods-NeoSTORE-frameworks-${CONFIGURATION}-output-files.xcfilelist",
			);
			runOnlyForDeploymentPostprocessing = 0;
			shellPath = /bin/sh;
			shellScript = "\"${PODS_ROOT}/Target Support Files/Pods-NeoSTORE/Pods-NeoSTORE-frameworks.sh\"\n";
			showEnvVarsInLog = 0;
		};
		8DD1D7567C17878DEA705F75 /* [CP] Check Pods Manifest.lock */ = {
			isa = PBXShellScriptBuildPhase;
			buildActionMask = 2147483647;
			files = (
			);
			inputFileListPaths = (
			);
			inputPaths = (
				"${PODS_PODFILE_DIR_PATH}/Podfile.lock",
				"${PODS_ROOT}/Manifest.lock",
			);
			name = "[CP] Check Pods Manifest.lock";
			outputFileListPaths = (
			);
			outputPaths = (
				"$(DERIVED_FILE_DIR)/Pods-NeoSTORE-checkManifestLockResult.txt",
			);
			runOnlyForDeploymentPostprocessing = 0;
			shellPath = /bin/sh;
			shellScript = "diff \"${PODS_PODFILE_DIR_PATH}/Podfile.lock\" \"${PODS_ROOT}/Manifest.lock\" > /dev/null\nif [ $? != 0 ] ; then\n    # print error to STDERR\n    echo \"error: The sandbox is not in sync with the Podfile.lock. Run 'pod install' or update your CocoaPods installation.\" >&2\n    exit 1\nfi\n# This output is used by Xcode 'outputs' to avoid re-running this script phase.\necho \"SUCCESS\" > \"${SCRIPT_OUTPUT_FILE_0}\"\n";
			showEnvVarsInLog = 0;
		};
		C17A0FDB340C94D668564299 /* [CP] Embed Pods Frameworks */ = {
			isa = PBXShellScriptBuildPhase;
			buildActionMask = 2147483647;
			files = (
			);
			inputFileListPaths = (
				"${PODS_ROOT}/Target Support Files/Pods-NeoSTORE-NeoSTOREUITests/Pods-NeoSTORE-NeoSTOREUITests-frameworks-${CONFIGURATION}-input-files.xcfilelist",
			);
			name = "[CP] Embed Pods Frameworks";
			outputFileListPaths = (
				"${PODS_ROOT}/Target Support Files/Pods-NeoSTORE-NeoSTOREUITests/Pods-NeoSTORE-NeoSTOREUITests-frameworks-${CONFIGURATION}-output-files.xcfilelist",
			);
			runOnlyForDeploymentPostprocessing = 0;
			shellPath = /bin/sh;
			shellScript = "\"${PODS_ROOT}/Target Support Files/Pods-NeoSTORE-NeoSTOREUITests/Pods-NeoSTORE-NeoSTOREUITests-frameworks.sh\"\n";
			showEnvVarsInLog = 0;
		};
/* End PBXShellScriptBuildPhase section */

/* Begin PBXSourcesBuildPhase section */
		4A7FD2712A8DE9D600AEF0CB /* Sources */ = {
			isa = PBXSourcesBuildPhase;
			buildActionMask = 2147483647;
			files = (
				4A9B952C2A9B558C00CD724D /* EditProfileViewController.swift in Sources */,
				4A7390632A8E1602004E12A3 /* UICollectionView+Extension.swift in Sources */,
				4A9A251A2A949B6900892EB0 /* RegisterViewModel.swift in Sources */,
				4A950F972AA1A06200EF3FB3 /* DrawerModel.swift in Sources */,
				4A950F9D2AA1AD2800EF3FB3 /* DrawerAPIService.swift in Sources */,
				4A7FD2792A8DE9D600AEF0CB /* AppDelegate.swift in Sources */,
				4A930B9C2AA06AE200EF3D9D /* RatingPopUpAPIService.swift in Sources */,
				4A56C0D82A8F536400693C5E /* LoginViewController.swift in Sources */,
				4A950FA72AA1FA0D00EF3FB3 /* CartAPIService.swift in Sources */,
				4A9A6BEE2A923BDC00250B79 /* ProductDetailsViewController.swift in Sources */,
				4A8E94A52A9750FA0067306F /* Product.swift in Sources */,
				4A9A251D2A949BAF00892EB0 /* RegisterAPIService.swift in Sources */,
				4A7390742A8E2715004E12A3 /* RegisterViewController.swift in Sources */,
				4A930BA12AA08E3C00EF3D9D /* RatingPopUiViewController.swift in Sources */,
				4A9CCA252A921A660088A036 /* HomeContainerViewController.swift in Sources */,
				4A950F9A2AA1AC3800EF3FB3 /* DrawerViewModel.swift in Sources */,
				4A930B9E2AA072F600EF3D9D /* RatingPopUpViewModel.swift in Sources */,
				4A91ED1B2A93364E00915A0A /* DrawerHeaderTableViewCell.swift in Sources */,
				4A9CCA272A9223320088A036 /* DrawerViewController.swift in Sources */,
				4A90F0E22A9DB726002964BC /* ProductListCell.swift in Sources */,
				4A950FA12AA1C9B700EF3FB3 /* CartCell.swift in Sources */,
				4A930BAE2AA0BEE100EF3D9D /* EnterQuantityViewModel.swift in Sources */,
				4A9CCA372A9226AE0088A036 /* OptionsCell.swift in Sources */,
				4A930BA52AA0BAEC00EF3D9D /* EnterQuantityViewController.swift in Sources */,
				4A950FA42AA1F9D900EF3FB3 /* CartViewModel.swift in Sources */,
				4A711FCE2A8E551D00C1348D /* HomeViewController.swift in Sources */,
				4A91ED0C2A932CDC00915A0A /* ProductListViewController.swift in Sources */,
				4AF66A492A98D07100F65CDA /* ProductsDetailCell.swift in Sources */,
				4A9A6C092A923E0100250B79 /* AddressListViewController.swift in Sources */,
				4A8E94A02A973E540067306F /* ProductListViewModel.swift in Sources */,
				4A9A6C0F2A923E2B00250B79 /* AddAddressViewController.swift in Sources */,
				4A7FD27B2A8DE9D600AEF0CB /* SceneDelegate.swift in Sources */,
				4A2D84642A94F17E00DD0D8B /* RegisterModel.swift in Sources */,
				4A8D50D02A9CBEF40056D86E /* ProductImageCollectionViewCell.swift in Sources */,
				4A9A6C032A923DC000250B79 /* CartViewController.swift in Sources */,
				4A9EF7BE2A95EB8C00C88A5D /* APIManager.swift in Sources */,
				4A7FD2D92A8DFCC300AEF0CB /* Constants.swift in Sources */,
				4A8D50CD2A9C723A0056D86E /* ProductDetailsModel.swift in Sources */,
				4A91ED2C2A93664200915A0A /* HomeViewModel.swift in Sources */,
				4A91ED142A93319600915A0A /* Validation.swift in Sources */,
				4AF66A452A98D04C00F65CDA /* ProductsNameCell.swift in Sources */,
				4A7390642A8E1602004E12A3 /* UITableView+Extension.swift in Sources */,
				4AF66A402A98C4F800F65CDA /* ResetPasswordViewController.swift in Sources */,
				4A91ED1F2A935E3700915A0A /* LoginViewModel.swift in Sources */,
				4A91ED2A2A9365D700915A0A /* HomeModel.swift in Sources */,
				4A8E94A92A976FE00067306F /* Common Functions.swift in Sources */,
				4A91ED332A93673B00915A0A /* HomeCollectionViewCell.swift in Sources */,
				4A97B3322A9A1DD300DC11B6 /* ProductDetailsAPIService.swift in Sources */,
				4A930BA92AA0BC7200EF3D9D /* EnterQuantityViewAPIService.swift in Sources */,
				4A9EF7C42A961C5900C88A5D /* LoginAPIService.swift in Sources */,
				4A97B32F2A9A1D9C00DC11B6 /* ProductDetailsViewModel.swift in Sources */,
				4A9B95282A9B531100CD724D /* ProfileViewController.swift in Sources */,
				4A8E94A32A973EEE0067306F /* ProductListAPIService.swift in Sources */,
				4A9EF7C02A95EBC800C88A5D /* APIServices.swift in Sources */,
			);
			runOnlyForDeploymentPostprocessing = 0;
		};
		4A7FD2872A8DE9D900AEF0CB /* Sources */ = {
			isa = PBXSourcesBuildPhase;
			buildActionMask = 2147483647;
			files = (
				4A7FD2902A8DE9D900AEF0CB /* NeoSTORETests.swift in Sources */,
			);
			runOnlyForDeploymentPostprocessing = 0;
		};
		4A7FD2912A8DE9D900AEF0CB /* Sources */ = {
			isa = PBXSourcesBuildPhase;
			buildActionMask = 2147483647;
			files = (
				4A7FD29C2A8DE9D900AEF0CB /* NeoSTOREUITestsLaunchTests.swift in Sources */,
				4A7FD29A2A8DE9D900AEF0CB /* NeoSTOREUITests.swift in Sources */,
			);
			runOnlyForDeploymentPostprocessing = 0;
		};
/* End PBXSourcesBuildPhase section */

/* Begin PBXTargetDependency section */
		4A7FD28D2A8DE9D900AEF0CB /* PBXTargetDependency */ = {
			isa = PBXTargetDependency;
			target = 4A7FD2742A8DE9D600AEF0CB /* NeoSTORE */;
			targetProxy = 4A7FD28C2A8DE9D900AEF0CB /* PBXContainerItemProxy */;
		};
		4A7FD2972A8DE9D900AEF0CB /* PBXTargetDependency */ = {
			isa = PBXTargetDependency;
			target = 4A7FD2742A8DE9D600AEF0CB /* NeoSTORE */;
			targetProxy = 4A7FD2962A8DE9D900AEF0CB /* PBXContainerItemProxy */;
		};
/* End PBXTargetDependency section */

/* Begin PBXVariantGroup section */
		4A7FD2832A8DE9D800AEF0CB /* LaunchScreen.storyboard */ = {
			isa = PBXVariantGroup;
			children = (
				4A7FD2842A8DE9D800AEF0CB /* Base */,
			);
			name = LaunchScreen.storyboard;
			sourceTree = "<group>";
		};
/* End PBXVariantGroup section */

/* Begin XCBuildConfiguration section */
		4A7FD29D2A8DE9D900AEF0CB /* Debug */ = {
			isa = XCBuildConfiguration;
			buildSettings = {
				ALWAYS_SEARCH_USER_PATHS = NO;
				CLANG_ANALYZER_NONNULL = YES;
				CLANG_ANALYZER_NUMBER_OBJECT_CONVERSION = YES_AGGRESSIVE;
				CLANG_CXX_LANGUAGE_STANDARD = "gnu++20";
				CLANG_ENABLE_MODULES = YES;
				CLANG_ENABLE_OBJC_ARC = YES;
				CLANG_ENABLE_OBJC_WEAK = YES;
				CLANG_WARN_BLOCK_CAPTURE_AUTORELEASING = YES;
				CLANG_WARN_BOOL_CONVERSION = YES;
				CLANG_WARN_COMMA = YES;
				CLANG_WARN_CONSTANT_CONVERSION = YES;
				CLANG_WARN_DEPRECATED_OBJC_IMPLEMENTATIONS = YES;
				CLANG_WARN_DIRECT_OBJC_ISA_USAGE = YES_ERROR;
				CLANG_WARN_DOCUMENTATION_COMMENTS = YES;
				CLANG_WARN_EMPTY_BODY = YES;
				CLANG_WARN_ENUM_CONVERSION = YES;
				CLANG_WARN_INFINITE_RECURSION = YES;
				CLANG_WARN_INT_CONVERSION = YES;
				CLANG_WARN_NON_LITERAL_NULL_CONVERSION = YES;
				CLANG_WARN_OBJC_IMPLICIT_RETAIN_SELF = YES;
				CLANG_WARN_OBJC_LITERAL_CONVERSION = YES;
				CLANG_WARN_OBJC_ROOT_CLASS = YES_ERROR;
				CLANG_WARN_QUOTED_INCLUDE_IN_FRAMEWORK_HEADER = YES;
				CLANG_WARN_RANGE_LOOP_ANALYSIS = YES;
				CLANG_WARN_STRICT_PROTOTYPES = YES;
				CLANG_WARN_SUSPICIOUS_MOVE = YES;
				CLANG_WARN_UNGUARDED_AVAILABILITY = YES_AGGRESSIVE;
				CLANG_WARN_UNREACHABLE_CODE = YES;
				CLANG_WARN__DUPLICATE_METHOD_MATCH = YES;
				COPY_PHASE_STRIP = NO;
				DEBUG_INFORMATION_FORMAT = dwarf;
				ENABLE_STRICT_OBJC_MSGSEND = YES;
				ENABLE_TESTABILITY = YES;
				GCC_C_LANGUAGE_STANDARD = gnu11;
				GCC_DYNAMIC_NO_PIC = NO;
				GCC_NO_COMMON_BLOCKS = YES;
				GCC_OPTIMIZATION_LEVEL = 0;
				GCC_PREPROCESSOR_DEFINITIONS = (
					"DEBUG=1",
					"$(inherited)",
				);
				GCC_WARN_64_TO_32_BIT_CONVERSION = YES;
				GCC_WARN_ABOUT_RETURN_TYPE = YES_ERROR;
				GCC_WARN_UNDECLARED_SELECTOR = YES;
				GCC_WARN_UNINITIALIZED_AUTOS = YES_AGGRESSIVE;
				GCC_WARN_UNUSED_FUNCTION = YES;
				GCC_WARN_UNUSED_VARIABLE = YES;
				IPHONEOS_DEPLOYMENT_TARGET = 16.2;
				MTL_ENABLE_DEBUG_INFO = INCLUDE_SOURCE;
				MTL_FAST_MATH = YES;
				ONLY_ACTIVE_ARCH = YES;
				SDKROOT = iphoneos;
				SWIFT_ACTIVE_COMPILATION_CONDITIONS = DEBUG;
				SWIFT_OPTIMIZATION_LEVEL = "-Onone";
			};
			name = Debug;
		};
		4A7FD29E2A8DE9D900AEF0CB /* Release */ = {
			isa = XCBuildConfiguration;
			buildSettings = {
				ALWAYS_SEARCH_USER_PATHS = NO;
				CLANG_ANALYZER_NONNULL = YES;
				CLANG_ANALYZER_NUMBER_OBJECT_CONVERSION = YES_AGGRESSIVE;
				CLANG_CXX_LANGUAGE_STANDARD = "gnu++20";
				CLANG_ENABLE_MODULES = YES;
				CLANG_ENABLE_OBJC_ARC = YES;
				CLANG_ENABLE_OBJC_WEAK = YES;
				CLANG_WARN_BLOCK_CAPTURE_AUTORELEASING = YES;
				CLANG_WARN_BOOL_CONVERSION = YES;
				CLANG_WARN_COMMA = YES;
				CLANG_WARN_CONSTANT_CONVERSION = YES;
				CLANG_WARN_DEPRECATED_OBJC_IMPLEMENTATIONS = YES;
				CLANG_WARN_DIRECT_OBJC_ISA_USAGE = YES_ERROR;
				CLANG_WARN_DOCUMENTATION_COMMENTS = YES;
				CLANG_WARN_EMPTY_BODY = YES;
				CLANG_WARN_ENUM_CONVERSION = YES;
				CLANG_WARN_INFINITE_RECURSION = YES;
				CLANG_WARN_INT_CONVERSION = YES;
				CLANG_WARN_NON_LITERAL_NULL_CONVERSION = YES;
				CLANG_WARN_OBJC_IMPLICIT_RETAIN_SELF = YES;
				CLANG_WARN_OBJC_LITERAL_CONVERSION = YES;
				CLANG_WARN_OBJC_ROOT_CLASS = YES_ERROR;
				CLANG_WARN_QUOTED_INCLUDE_IN_FRAMEWORK_HEADER = YES;
				CLANG_WARN_RANGE_LOOP_ANALYSIS = YES;
				CLANG_WARN_STRICT_PROTOTYPES = YES;
				CLANG_WARN_SUSPICIOUS_MOVE = YES;
				CLANG_WARN_UNGUARDED_AVAILABILITY = YES_AGGRESSIVE;
				CLANG_WARN_UNREACHABLE_CODE = YES;
				CLANG_WARN__DUPLICATE_METHOD_MATCH = YES;
				COPY_PHASE_STRIP = NO;
				DEBUG_INFORMATION_FORMAT = "dwarf-with-dsym";
				ENABLE_NS_ASSERTIONS = NO;
				ENABLE_STRICT_OBJC_MSGSEND = YES;
				GCC_C_LANGUAGE_STANDARD = gnu11;
				GCC_NO_COMMON_BLOCKS = YES;
				GCC_WARN_64_TO_32_BIT_CONVERSION = YES;
				GCC_WARN_ABOUT_RETURN_TYPE = YES_ERROR;
				GCC_WARN_UNDECLARED_SELECTOR = YES;
				GCC_WARN_UNINITIALIZED_AUTOS = YES_AGGRESSIVE;
				GCC_WARN_UNUSED_FUNCTION = YES;
				GCC_WARN_UNUSED_VARIABLE = YES;
				IPHONEOS_DEPLOYMENT_TARGET = 16.2;
				MTL_ENABLE_DEBUG_INFO = NO;
				MTL_FAST_MATH = YES;
				SDKROOT = iphoneos;
				SWIFT_COMPILATION_MODE = wholemodule;
				SWIFT_OPTIMIZATION_LEVEL = "-O";
				VALIDATE_PRODUCT = YES;
			};
			name = Release;
		};
		4A7FD2A02A8DE9D900AEF0CB /* Debug */ = {
			isa = XCBuildConfiguration;
			baseConfigurationReference = 3B2FABAE35101E077091D5F8 /* Pods-NeoSTORE.debug.xcconfig */;
			buildSettings = {
				ASSETCATALOG_COMPILER_APPICON_NAME = AppIcon;
				ASSETCATALOG_COMPILER_GLOBAL_ACCENT_COLOR_NAME = AccentColor;
				CODE_SIGN_STYLE = Automatic;
				CURRENT_PROJECT_VERSION = 1;
				GENERATE_INFOPLIST_FILE = YES;
				INFOPLIST_FILE = NeoSTORE/Info.plist;
				INFOPLIST_KEY_UIApplicationSupportsIndirectInputEvents = YES;
				INFOPLIST_KEY_UILaunchStoryboardName = LaunchScreen;
				INFOPLIST_KEY_UIMainStoryboardFile = Main;
				INFOPLIST_KEY_UISupportedInterfaceOrientations_iPad = "UIInterfaceOrientationPortrait UIInterfaceOrientationPortraitUpsideDown UIInterfaceOrientationLandscapeLeft UIInterfaceOrientationLandscapeRight";
				INFOPLIST_KEY_UISupportedInterfaceOrientations_iPhone = "UIInterfaceOrientationPortrait UIInterfaceOrientationLandscapeLeft UIInterfaceOrientationLandscapeRight";
				LD_RUNPATH_SEARCH_PATHS = (
					"$(inherited)",
					"@executable_path/Frameworks",
				);
				MARKETING_VERSION = 1.0;
				PRODUCT_BUNDLE_IDENTIFIER = com.chintan.NeoSTORE;
				PRODUCT_NAME = "$(TARGET_NAME)";
				SWIFT_EMIT_LOC_STRINGS = YES;
				SWIFT_VERSION = 5.0;
				TARGETED_DEVICE_FAMILY = "1,2";
			};
			name = Debug;
		};
		4A7FD2A12A8DE9D900AEF0CB /* Release */ = {
			isa = XCBuildConfiguration;
			baseConfigurationReference = 3195F6AE66B9477BA8B14FF1 /* Pods-NeoSTORE.release.xcconfig */;
			buildSettings = {
				ASSETCATALOG_COMPILER_APPICON_NAME = AppIcon;
				ASSETCATALOG_COMPILER_GLOBAL_ACCENT_COLOR_NAME = AccentColor;
				CODE_SIGN_STYLE = Automatic;
				CURRENT_PROJECT_VERSION = 1;
				GENERATE_INFOPLIST_FILE = YES;
				INFOPLIST_FILE = NeoSTORE/Info.plist;
				INFOPLIST_KEY_UIApplicationSupportsIndirectInputEvents = YES;
				INFOPLIST_KEY_UILaunchStoryboardName = LaunchScreen;
				INFOPLIST_KEY_UIMainStoryboardFile = Main;
				INFOPLIST_KEY_UISupportedInterfaceOrientations_iPad = "UIInterfaceOrientationPortrait UIInterfaceOrientationPortraitUpsideDown UIInterfaceOrientationLandscapeLeft UIInterfaceOrientationLandscapeRight";
				INFOPLIST_KEY_UISupportedInterfaceOrientations_iPhone = "UIInterfaceOrientationPortrait UIInterfaceOrientationLandscapeLeft UIInterfaceOrientationLandscapeRight";
				LD_RUNPATH_SEARCH_PATHS = (
					"$(inherited)",
					"@executable_path/Frameworks",
				);
				MARKETING_VERSION = 1.0;
				PRODUCT_BUNDLE_IDENTIFIER = com.chintan.NeoSTORE;
				PRODUCT_NAME = "$(TARGET_NAME)";
				SWIFT_EMIT_LOC_STRINGS = YES;
				SWIFT_VERSION = 5.0;
				TARGETED_DEVICE_FAMILY = "1,2";
			};
			name = Release;
		};
		4A7FD2A32A8DE9D900AEF0CB /* Debug */ = {
			isa = XCBuildConfiguration;
			baseConfigurationReference = 8274638D5B9ECF38D689ECBF /* Pods-NeoSTORETests.debug.xcconfig */;
			buildSettings = {
				ALWAYS_EMBED_SWIFT_STANDARD_LIBRARIES = YES;
				BUNDLE_LOADER = "$(TEST_HOST)";
				CODE_SIGN_STYLE = Automatic;
				CURRENT_PROJECT_VERSION = 1;
				GENERATE_INFOPLIST_FILE = YES;
				IPHONEOS_DEPLOYMENT_TARGET = 16.2;
				MARKETING_VERSION = 1.0;
				PRODUCT_BUNDLE_IDENTIFIER = com.chintan.NeoSTORETests;
				PRODUCT_NAME = "$(TARGET_NAME)";
				SWIFT_EMIT_LOC_STRINGS = NO;
				SWIFT_VERSION = 5.0;
				TARGETED_DEVICE_FAMILY = "1,2";
				TEST_HOST = "$(BUILT_PRODUCTS_DIR)/NeoSTORE.app/$(BUNDLE_EXECUTABLE_FOLDER_PATH)/NeoSTORE";
			};
			name = Debug;
		};
		4A7FD2A42A8DE9D900AEF0CB /* Release */ = {
			isa = XCBuildConfiguration;
			baseConfigurationReference = 6D032C117B534D972C7A3592 /* Pods-NeoSTORETests.release.xcconfig */;
			buildSettings = {
				ALWAYS_EMBED_SWIFT_STANDARD_LIBRARIES = YES;
				BUNDLE_LOADER = "$(TEST_HOST)";
				CODE_SIGN_STYLE = Automatic;
				CURRENT_PROJECT_VERSION = 1;
				GENERATE_INFOPLIST_FILE = YES;
				IPHONEOS_DEPLOYMENT_TARGET = 16.2;
				MARKETING_VERSION = 1.0;
				PRODUCT_BUNDLE_IDENTIFIER = com.chintan.NeoSTORETests;
				PRODUCT_NAME = "$(TARGET_NAME)";
				SWIFT_EMIT_LOC_STRINGS = NO;
				SWIFT_VERSION = 5.0;
				TARGETED_DEVICE_FAMILY = "1,2";
				TEST_HOST = "$(BUILT_PRODUCTS_DIR)/NeoSTORE.app/$(BUNDLE_EXECUTABLE_FOLDER_PATH)/NeoSTORE";
			};
			name = Release;
		};
		4A7FD2A62A8DE9D900AEF0CB /* Debug */ = {
			isa = XCBuildConfiguration;
			baseConfigurationReference = 1468842086069A3780D8D90D /* Pods-NeoSTORE-NeoSTOREUITests.debug.xcconfig */;
			buildSettings = {
				ALWAYS_EMBED_SWIFT_STANDARD_LIBRARIES = YES;
				CODE_SIGN_STYLE = Automatic;
				CURRENT_PROJECT_VERSION = 1;
				GENERATE_INFOPLIST_FILE = YES;
				MARKETING_VERSION = 1.0;
				PRODUCT_BUNDLE_IDENTIFIER = com.chintan.NeoSTOREUITests;
				PRODUCT_NAME = "$(TARGET_NAME)";
				SWIFT_EMIT_LOC_STRINGS = NO;
				SWIFT_VERSION = 5.0;
				TARGETED_DEVICE_FAMILY = "1,2";
				TEST_TARGET_NAME = NeoSTORE;
			};
			name = Debug;
		};
		4A7FD2A72A8DE9D900AEF0CB /* Release */ = {
			isa = XCBuildConfiguration;
			baseConfigurationReference = A6B9332F07094AF4F250DF32 /* Pods-NeoSTORE-NeoSTOREUITests.release.xcconfig */;
			buildSettings = {
				ALWAYS_EMBED_SWIFT_STANDARD_LIBRARIES = YES;
				CODE_SIGN_STYLE = Automatic;
				CURRENT_PROJECT_VERSION = 1;
				GENERATE_INFOPLIST_FILE = YES;
				MARKETING_VERSION = 1.0;
				PRODUCT_BUNDLE_IDENTIFIER = com.chintan.NeoSTOREUITests;
				PRODUCT_NAME = "$(TARGET_NAME)";
				SWIFT_EMIT_LOC_STRINGS = NO;
				SWIFT_VERSION = 5.0;
				TARGETED_DEVICE_FAMILY = "1,2";
				TEST_TARGET_NAME = NeoSTORE;
			};
			name = Release;
		};
/* End XCBuildConfiguration section */

/* Begin XCConfigurationList section */
		4A7FD2702A8DE9D600AEF0CB /* Build configuration list for PBXProject "NeoSTORE" */ = {
			isa = XCConfigurationList;
			buildConfigurations = (
				4A7FD29D2A8DE9D900AEF0CB /* Debug */,
				4A7FD29E2A8DE9D900AEF0CB /* Release */,
			);
			defaultConfigurationIsVisible = 0;
			defaultConfigurationName = Release;
		};
		4A7FD29F2A8DE9D900AEF0CB /* Build configuration list for PBXNativeTarget "NeoSTORE" */ = {
			isa = XCConfigurationList;
			buildConfigurations = (
				4A7FD2A02A8DE9D900AEF0CB /* Debug */,
				4A7FD2A12A8DE9D900AEF0CB /* Release */,
			);
			defaultConfigurationIsVisible = 0;
			defaultConfigurationName = Release;
		};
		4A7FD2A22A8DE9D900AEF0CB /* Build configuration list for PBXNativeTarget "NeoSTORETests" */ = {
			isa = XCConfigurationList;
			buildConfigurations = (
				4A7FD2A32A8DE9D900AEF0CB /* Debug */,
				4A7FD2A42A8DE9D900AEF0CB /* Release */,
			);
			defaultConfigurationIsVisible = 0;
			defaultConfigurationName = Release;
		};
		4A7FD2A52A8DE9D900AEF0CB /* Build configuration list for PBXNativeTarget "NeoSTOREUITests" */ = {
			isa = XCConfigurationList;
			buildConfigurations = (
				4A7FD2A62A8DE9D900AEF0CB /* Debug */,
				4A7FD2A72A8DE9D900AEF0CB /* Release */,
			);
			defaultConfigurationIsVisible = 0;
			defaultConfigurationName = Release;
		};
/* End XCConfigurationList section */
	};
	rootObject = 4A7FD26D2A8DE9D600AEF0CB /* Project object */;
}
