// !$*UTF8*$!
{
	archiveVersion = 1;
	classes = {
	};
	objectVersion = 56;
	objects = {

/* Begin PBXBuildFile section */
		4A56C0D82A8F536400693C5E /* LoginViewController.swift in Sources */ = {isa = PBXBuildFile; fileRef = 4A56C0D72A8F536400693C5E /* LoginViewController.swift */; };
		4A711FCE2A8E551D00C1348D /* HomeViewController.swift in Sources */ = {isa = PBXBuildFile; fileRef = 4A711FCC2A8E551D00C1348D /* HomeViewController.swift */; };
		4A711FCF2A8E551D00C1348D /* HomeViewController.xib in Resources */ = {isa = PBXBuildFile; fileRef = 4A711FCD2A8E551D00C1348D /* HomeViewController.xib */; };
		4A7390632A8E1602004E12A3 /* UICollectionView+Extension.swift in Sources */ = {isa = PBXBuildFile; fileRef = 4A7390612A8E1602004E12A3 /* UICollectionView+Extension.swift */; };
		4A7390642A8E1602004E12A3 /* UITableView+Extension.swift in Sources */ = {isa = PBXBuildFile; fileRef = 4A7390622A8E1602004E12A3 /* UITableView+Extension.swift */; };
		4A73906D2A8E20A9004E12A3 /* LoginViewController.xib in Resources */ = {isa = PBXBuildFile; fileRef = 4A73906B2A8E20A9004E12A3 /* LoginViewController.xib */; };
		4A7390712A8E2205004E12A3 /* Main.storyboard in Resources */ = {isa = PBXBuildFile; fileRef = 4A7390702A8E2205004E12A3 /* Main.storyboard */; };
		4A7390742A8E2715004E12A3 /* RegisterViewController.swift in Sources */ = {isa = PBXBuildFile; fileRef = 4A7390722A8E2715004E12A3 /* RegisterViewController.swift */; };
		4A7390752A8E2715004E12A3 /* RegisterViewController.xib in Resources */ = {isa = PBXBuildFile; fileRef = 4A7390732A8E2715004E12A3 /* RegisterViewController.xib */; };
		4A7FD2792A8DE9D600AEF0CB /* AppDelegate.swift in Sources */ = {isa = PBXBuildFile; fileRef = 4A7FD2782A8DE9D600AEF0CB /* AppDelegate.swift */; };
		4A7FD27B2A8DE9D600AEF0CB /* SceneDelegate.swift in Sources */ = {isa = PBXBuildFile; fileRef = 4A7FD27A2A8DE9D600AEF0CB /* SceneDelegate.swift */; };
		4A7FD2822A8DE9D800AEF0CB /* Assets.xcassets in Resources */ = {isa = PBXBuildFile; fileRef = 4A7FD2812A8DE9D800AEF0CB /* Assets.xcassets */; };
		4A7FD2852A8DE9D800AEF0CB /* LaunchScreen.storyboard in Resources */ = {isa = PBXBuildFile; fileRef = 4A7FD2832A8DE9D800AEF0CB /* LaunchScreen.storyboard */; };
		4A7FD2902A8DE9D900AEF0CB /* NeoSTORETests.swift in Sources */ = {isa = PBXBuildFile; fileRef = 4A7FD28F2A8DE9D900AEF0CB /* NeoSTORETests.swift */; };
		4A7FD29A2A8DE9D900AEF0CB /* NeoSTOREUITests.swift in Sources */ = {isa = PBXBuildFile; fileRef = 4A7FD2992A8DE9D900AEF0CB /* NeoSTOREUITests.swift */; };
		4A7FD29C2A8DE9D900AEF0CB /* NeoSTOREUITestsLaunchTests.swift in Sources */ = {isa = PBXBuildFile; fileRef = 4A7FD29B2A8DE9D900AEF0CB /* NeoSTOREUITestsLaunchTests.swift */; };
		4A7FD2D92A8DFCC300AEF0CB /* Constants.swift in Sources */ = {isa = PBXBuildFile; fileRef = 4A7FD2D82A8DFCC300AEF0CB /* Constants.swift */; };
		4A7FD2DB2A8E030500AEF0CB /* Gotham-Bold.otf in Resources */ = {isa = PBXBuildFile; fileRef = 4A7FD2DA2A8E030500AEF0CB /* Gotham-Bold.otf */; };
		4A7FD2E22A8E05DF00AEF0CB /* Gotham-Medium.otf in Resources */ = {isa = PBXBuildFile; fileRef = 4A7FD2E02A8E05DF00AEF0CB /* Gotham-Medium.otf */; };
		4A7FD2E32A8E05DF00AEF0CB /* Gotham-Book.otf in Resources */ = {isa = PBXBuildFile; fileRef = 4A7FD2E12A8E05DF00AEF0CB /* Gotham-Book.otf */; };
		4A9A6BEE2A923BDC00250B79 /* ProductDetailsViewController.swift in Sources */ = {isa = PBXBuildFile; fileRef = 4A9A6BEC2A923BDC00250B79 /* ProductDetailsViewController.swift */; };
		4A9A6BEF2A923BDC00250B79 /* ProductDetailsViewController.xib in Resources */ = {isa = PBXBuildFile; fileRef = 4A9A6BED2A923BDC00250B79 /* ProductDetailsViewController.xib */; };
		4A9A6C032A923DC000250B79 /* CartViewController.swift in Sources */ = {isa = PBXBuildFile; fileRef = 4A9A6C012A923DC000250B79 /* CartViewController.swift */; };
		4A9A6C042A923DC000250B79 /* CartViewController.xib in Resources */ = {isa = PBXBuildFile; fileRef = 4A9A6C022A923DC000250B79 /* CartViewController.xib */; };
		4A9A6C092A923E0100250B79 /* AddressListViewController.swift in Sources */ = {isa = PBXBuildFile; fileRef = 4A9A6C072A923E0100250B79 /* AddressListViewController.swift */; };
		4A9A6C0A2A923E0100250B79 /* AddressListViewController.xib in Resources */ = {isa = PBXBuildFile; fileRef = 4A9A6C082A923E0100250B79 /* AddressListViewController.xib */; };
		4A9A6C0F2A923E2B00250B79 /* AddAddressViewController.swift in Sources */ = {isa = PBXBuildFile; fileRef = 4A9A6C0D2A923E2B00250B79 /* AddAddressViewController.swift */; };
		4A9A6C102A923E2B00250B79 /* AddAddressViewController.xib in Resources */ = {isa = PBXBuildFile; fileRef = 4A9A6C0E2A923E2B00250B79 /* AddAddressViewController.xib */; };
		4A9A6C142A923F3600250B79 /* ProductListCell.swift in Sources */ = {isa = PBXBuildFile; fileRef = 4A9A6C122A923F3600250B79 /* ProductListCell.swift */; };
		4A9A6C152A923F3600250B79 /* ProductListCell.xib in Resources */ = {isa = PBXBuildFile; fileRef = 4A9A6C132A923F3600250B79 /* ProductListCell.xib */; };
		4A9A6C182A92437C00250B79 /* ProductListViewController.swift in Sources */ = {isa = PBXBuildFile; fileRef = 4A9A6C162A92437C00250B79 /* ProductListViewController.swift */; };
		4A9A6C192A92437C00250B79 /* ProductListViewController.xib in Resources */ = {isa = PBXBuildFile; fileRef = 4A9A6C172A92437C00250B79 /* ProductListViewController.xib */; };
		4A9CCA252A921A660088A036 /* HomeContainerViewController.swift in Sources */ = {isa = PBXBuildFile; fileRef = 4A9CCA242A921A660088A036 /* HomeContainerViewController.swift */; };
		4A9CCA272A9223320088A036 /* DrawerViewController.swift in Sources */ = {isa = PBXBuildFile; fileRef = 4A9CCA262A9223320088A036 /* DrawerViewController.swift */; };
		4A9CCA292A9223550088A036 /* DrawerViewController.xib in Resources */ = {isa = PBXBuildFile; fileRef = 4A9CCA282A9223550088A036 /* DrawerViewController.xib */; };
		4A9CCA332A9226940088A036 /* HeaderCell.swift in Sources */ = {isa = PBXBuildFile; fileRef = 4A9CCA312A9226940088A036 /* HeaderCell.swift */; };
		4A9CCA342A9226940088A036 /* HeaderCell.xib in Resources */ = {isa = PBXBuildFile; fileRef = 4A9CCA322A9226940088A036 /* HeaderCell.xib */; };
		4A9CCA372A9226AE0088A036 /* OptionsCell.swift in Sources */ = {isa = PBXBuildFile; fileRef = 4A9CCA352A9226AE0088A036 /* OptionsCell.swift */; };
		4A9CCA382A9226AE0088A036 /* OptionsCell.xib in Resources */ = {isa = PBXBuildFile; fileRef = 4A9CCA362A9226AE0088A036 /* OptionsCell.xib */; };
		4AD5AA6A2A8F74E100B81EE0 /* SliderCollectionViewCell.swift in Sources */ = {isa = PBXBuildFile; fileRef = 4AD5AA682A8F74E100B81EE0 /* SliderCollectionViewCell.swift */; };
		4AD5AA6B2A8F74E100B81EE0 /* SliderCollectionViewCell.xib in Resources */ = {isa = PBXBuildFile; fileRef = 4AD5AA692A8F74E100B81EE0 /* SliderCollectionViewCell.xib */; };
/* End PBXBuildFile section */

/* Begin PBXContainerItemProxy section */
		4A7FD28C2A8DE9D900AEF0CB /* PBXContainerItemProxy */ = {
			isa = PBXContainerItemProxy;
			containerPortal = 4A7FD26D2A8DE9D600AEF0CB /* Project object */;
			proxyType = 1;
			remoteGlobalIDString = 4A7FD2742A8DE9D600AEF0CB;
			remoteInfo = NeoSTORE;
		};
		4A7FD2962A8DE9D900AEF0CB /* PBXContainerItemProxy */ = {
			isa = PBXContainerItemProxy;
			containerPortal = 4A7FD26D2A8DE9D600AEF0CB /* Project object */;
			proxyType = 1;
			remoteGlobalIDString = 4A7FD2742A8DE9D600AEF0CB;
			remoteInfo = NeoSTORE;
		};
/* End PBXContainerItemProxy section */

/* Begin PBXFileReference section */
		4A56C0D72A8F536400693C5E /* LoginViewController.swift */ = {isa = PBXFileReference; fileEncoding = 4; lastKnownFileType = sourcecode.swift; name = LoginViewController.swift; path = ../../../../../../../LoginViewController.swift; sourceTree = "<group>"; };
		4A711FCC2A8E551D00C1348D /* HomeViewController.swift */ = {isa = PBXFileReference; lastKnownFileType = sourcecode.swift; path = HomeViewController.swift; sourceTree = "<group>"; };
		4A711FCD2A8E551D00C1348D /* HomeViewController.xib */ = {isa = PBXFileReference; lastKnownFileType = file.xib; path = HomeViewController.xib; sourceTree = "<group>"; };
		4A7390612A8E1602004E12A3 /* UICollectionView+Extension.swift */ = {isa = PBXFileReference; fileEncoding = 4; lastKnownFileType = sourcecode.swift; name = "UICollectionView+Extension.swift"; path = "../../../../../../Downloads/UICollectionView+Extension.swift"; sourceTree = "<group>"; };
		4A7390622A8E1602004E12A3 /* UITableView+Extension.swift */ = {isa = PBXFileReference; fileEncoding = 4; lastKnownFileType = sourcecode.swift; name = "UITableView+Extension.swift"; path = "../../../../../../Downloads/UITableView+Extension.swift"; sourceTree = "<group>"; };
		4A73906B2A8E20A9004E12A3 /* LoginViewController.xib */ = {isa = PBXFileReference; lastKnownFileType = file.xib; path = LoginViewController.xib; sourceTree = "<group>"; };
		4A7390702A8E2205004E12A3 /* Main.storyboard */ = {isa = PBXFileReference; lastKnownFileType = file.storyboard; path = Main.storyboard; sourceTree = "<group>"; };
		4A7390722A8E2715004E12A3 /* RegisterViewController.swift */ = {isa = PBXFileReference; lastKnownFileType = sourcecode.swift; path = RegisterViewController.swift; sourceTree = "<group>"; };
		4A7390732A8E2715004E12A3 /* RegisterViewController.xib */ = {isa = PBXFileReference; lastKnownFileType = file.xib; path = RegisterViewController.xib; sourceTree = "<group>"; };
		4A7FD2752A8DE9D600AEF0CB /* NeoSTORE.app */ = {isa = PBXFileReference; explicitFileType = wrapper.application; includeInIndex = 0; path = NeoSTORE.app; sourceTree = BUILT_PRODUCTS_DIR; };
		4A7FD2782A8DE9D600AEF0CB /* AppDelegate.swift */ = {isa = PBXFileReference; lastKnownFileType = sourcecode.swift; path = AppDelegate.swift; sourceTree = "<group>"; };
		4A7FD27A2A8DE9D600AEF0CB /* SceneDelegate.swift */ = {isa = PBXFileReference; lastKnownFileType = sourcecode.swift; path = SceneDelegate.swift; sourceTree = "<group>"; };
		4A7FD2812A8DE9D800AEF0CB /* Assets.xcassets */ = {isa = PBXFileReference; lastKnownFileType = folder.assetcatalog; path = Assets.xcassets; sourceTree = "<group>"; };
		4A7FD2842A8DE9D800AEF0CB /* Base */ = {isa = PBXFileReference; lastKnownFileType = file.storyboard; name = Base; path = Base.lproj/LaunchScreen.storyboard; sourceTree = "<group>"; };
		4A7FD2862A8DE9D800AEF0CB /* Info.plist */ = {isa = PBXFileReference; lastKnownFileType = text.plist.xml; path = Info.plist; sourceTree = "<group>"; };
		4A7FD28B2A8DE9D900AEF0CB /* NeoSTORETests.xctest */ = {isa = PBXFileReference; explicitFileType = wrapper.cfbundle; includeInIndex = 0; path = NeoSTORETests.xctest; sourceTree = BUILT_PRODUCTS_DIR; };
		4A7FD28F2A8DE9D900AEF0CB /* NeoSTORETests.swift */ = {isa = PBXFileReference; lastKnownFileType = sourcecode.swift; path = NeoSTORETests.swift; sourceTree = "<group>"; };
		4A7FD2952A8DE9D900AEF0CB /* NeoSTOREUITests.xctest */ = {isa = PBXFileReference; explicitFileType = wrapper.cfbundle; includeInIndex = 0; path = NeoSTOREUITests.xctest; sourceTree = BUILT_PRODUCTS_DIR; };
		4A7FD2992A8DE9D900AEF0CB /* NeoSTOREUITests.swift */ = {isa = PBXFileReference; lastKnownFileType = sourcecode.swift; path = NeoSTOREUITests.swift; sourceTree = "<group>"; };
		4A7FD29B2A8DE9D900AEF0CB /* NeoSTOREUITestsLaunchTests.swift */ = {isa = PBXFileReference; lastKnownFileType = sourcecode.swift; path = NeoSTOREUITestsLaunchTests.swift; sourceTree = "<group>"; };
		4A7FD2D82A8DFCC300AEF0CB /* Constants.swift */ = {isa = PBXFileReference; lastKnownFileType = sourcecode.swift; path = Constants.swift; sourceTree = "<group>"; };
		4A7FD2DA2A8E030500AEF0CB /* Gotham-Bold.otf */ = {isa = PBXFileReference; lastKnownFileType = file; path = "Gotham-Bold.otf"; sourceTree = "<group>"; };
		4A7FD2E02A8E05DF00AEF0CB /* Gotham-Medium.otf */ = {isa = PBXFileReference; lastKnownFileType = file; path = "Gotham-Medium.otf"; sourceTree = "<group>"; };
		4A7FD2E12A8E05DF00AEF0CB /* Gotham-Book.otf */ = {isa = PBXFileReference; lastKnownFileType = file; path = "Gotham-Book.otf"; sourceTree = "<group>"; };
		4A9A6BEC2A923BDC00250B79 /* ProductDetailsViewController.swift */ = {isa = PBXFileReference; lastKnownFileType = sourcecode.swift; path = ProductDetailsViewController.swift; sourceTree = "<group>"; };
		4A9A6BED2A923BDC00250B79 /* ProductDetailsViewController.xib */ = {isa = PBXFileReference; lastKnownFileType = file.xib; path = ProductDetailsViewController.xib; sourceTree = "<group>"; };
		4A9A6C012A923DC000250B79 /* CartViewController.swift */ = {isa = PBXFileReference; lastKnownFileType = sourcecode.swift; path = CartViewController.swift; sourceTree = "<group>"; };
		4A9A6C022A923DC000250B79 /* CartViewController.xib */ = {isa = PBXFileReference; lastKnownFileType = file.xib; path = CartViewController.xib; sourceTree = "<group>"; };
		4A9A6C072A923E0100250B79 /* AddressListViewController.swift */ = {isa = PBXFileReference; lastKnownFileType = sourcecode.swift; path = AddressListViewController.swift; sourceTree = "<group>"; };
		4A9A6C082A923E0100250B79 /* AddressListViewController.xib */ = {isa = PBXFileReference; lastKnownFileType = file.xib; path = AddressListViewController.xib; sourceTree = "<group>"; };
		4A9A6C0D2A923E2B00250B79 /* AddAddressViewController.swift */ = {isa = PBXFileReference; lastKnownFileType = sourcecode.swift; path = AddAddressViewController.swift; sourceTree = "<group>"; };
		4A9A6C0E2A923E2B00250B79 /* AddAddressViewController.xib */ = {isa = PBXFileReference; lastKnownFileType = file.xib; path = AddAddressViewController.xib; sourceTree = "<group>"; };
		4A9A6C122A923F3600250B79 /* ProductListCell.swift */ = {isa = PBXFileReference; lastKnownFileType = sourcecode.swift; path = ProductListCell.swift; sourceTree = "<group>"; };
		4A9A6C132A923F3600250B79 /* ProductListCell.xib */ = {isa = PBXFileReference; lastKnownFileType = file.xib; path = ProductListCell.xib; sourceTree = "<group>"; };
		4A9A6C162A92437C00250B79 /* ProductListViewController.swift */ = {isa = PBXFileReference; lastKnownFileType = sourcecode.swift; path = ProductListViewController.swift; sourceTree = "<group>"; };
		4A9A6C172A92437C00250B79 /* ProductListViewController.xib */ = {isa = PBXFileReference; lastKnownFileType = file.xib; path = ProductListViewController.xib; sourceTree = "<group>"; };
		4A9CCA242A921A660088A036 /* HomeContainerViewController.swift */ = {isa = PBXFileReference; lastKnownFileType = sourcecode.swift; path = HomeContainerViewController.swift; sourceTree = "<group>"; };
		4A9CCA262A9223320088A036 /* DrawerViewController.swift */ = {isa = PBXFileReference; lastKnownFileType = sourcecode.swift; path = DrawerViewController.swift; sourceTree = "<group>"; };
		4A9CCA282A9223550088A036 /* DrawerViewController.xib */ = {isa = PBXFileReference; fileEncoding = 4; lastKnownFileType = file.xib; path = DrawerViewController.xib; sourceTree = "<group>"; };
		4A9CCA312A9226940088A036 /* HeaderCell.swift */ = {isa = PBXFileReference; lastKnownFileType = sourcecode.swift; path = HeaderCell.swift; sourceTree = "<group>"; };
		4A9CCA322A9226940088A036 /* HeaderCell.xib */ = {isa = PBXFileReference; lastKnownFileType = file.xib; path = HeaderCell.xib; sourceTree = "<group>"; };
		4A9CCA352A9226AE0088A036 /* OptionsCell.swift */ = {isa = PBXFileReference; lastKnownFileType = sourcecode.swift; path = OptionsCell.swift; sourceTree = "<group>"; };
		4A9CCA362A9226AE0088A036 /* OptionsCell.xib */ = {isa = PBXFileReference; lastKnownFileType = file.xib; path = OptionsCell.xib; sourceTree = "<group>"; };
		4AD5AA682A8F74E100B81EE0 /* SliderCollectionViewCell.swift */ = {isa = PBXFileReference; lastKnownFileType = sourcecode.swift; path = SliderCollectionViewCell.swift; sourceTree = "<group>"; };
		4AD5AA692A8F74E100B81EE0 /* SliderCollectionViewCell.xib */ = {isa = PBXFileReference; lastKnownFileType = file.xib; path = SliderCollectionViewCell.xib; sourceTree = "<group>"; };
/* End PBXFileReference section */

/* Begin PBXFrameworksBuildPhase section */
		4A7FD2722A8DE9D600AEF0CB /* Frameworks */ = {
			isa = PBXFrameworksBuildPhase;
			buildActionMask = 2147483647;
			files = (
			);
			runOnlyForDeploymentPostprocessing = 0;
		};
		4A7FD2882A8DE9D900AEF0CB /* Frameworks */ = {
			isa = PBXFrameworksBuildPhase;
			buildActionMask = 2147483647;
			files = (
			);
			runOnlyForDeploymentPostprocessing = 0;
		};
		4A7FD2922A8DE9D900AEF0CB /* Frameworks */ = {
			isa = PBXFrameworksBuildPhase;
			buildActionMask = 2147483647;
			files = (
			);
			runOnlyForDeploymentPostprocessing = 0;
		};
/* End PBXFrameworksBuildPhase section */

/* Begin PBXGroup section */
		4A368CDD2A8F4A9400C0D7BD /* Register */ = {
			isa = PBXGroup;
			children = (
				4A368CE02A8F4B1900C0D7BD /* View */,
				4A368CDF2A8F4B0500C0D7BD /* ViewModel */,
				4A368CDE2A8F4AF300C0D7BD /* Model */,
			);
			path = Register;
			sourceTree = "<group>";
		};
		4A368CDE2A8F4AF300C0D7BD /* Model */ = {
			isa = PBXGroup;
			children = (
			);
			path = Model;
			sourceTree = "<group>";
		};
		4A368CDF2A8F4B0500C0D7BD /* ViewModel */ = {
			isa = PBXGroup;
			children = (
			);
			path = ViewModel;
			sourceTree = "<group>";
		};
		4A368CE02A8F4B1900C0D7BD /* View */ = {
			isa = PBXGroup;
			children = (
				4A368CE22A8F4B4900C0D7BD /* Controller */,
				4A368CE12A8F4B3000C0D7BD /* Xib */,
			);
			path = View;
			sourceTree = "<group>";
		};
		4A368CE12A8F4B3000C0D7BD /* Xib */ = {
			isa = PBXGroup;
			children = (
				4A7390732A8E2715004E12A3 /* RegisterViewController.xib */,
			);
			path = Xib;
			sourceTree = "<group>";
		};
		4A368CE22A8F4B4900C0D7BD /* Controller */ = {
			isa = PBXGroup;
			children = (
				4A7390722A8E2715004E12A3 /* RegisterViewController.swift */,
			);
			path = Controller;
			sourceTree = "<group>";
		};
		4A368CE32A8F4B8B00C0D7BD /* Login */ = {
			isa = PBXGroup;
			children = (
				4A368CE62A8F4BFB00C0D7BD /* Model */,
				4A368CE52A8F4BED00C0D7BD /* ViewModel */,
				4A368CE42A8F4BE300C0D7BD /* View */,
			);
			path = Login;
			sourceTree = "<group>";
		};
		4A368CE42A8F4BE300C0D7BD /* View */ = {
			isa = PBXGroup;
			children = (
				4A368CE82A8F4C2300C0D7BD /* Xib */,
				4A368CE72A8F4C0D00C0D7BD /* Controller */,
			);
			path = View;
			sourceTree = "<group>";
		};
		4A368CE52A8F4BED00C0D7BD /* ViewModel */ = {
			isa = PBXGroup;
			children = (
			);
			path = ViewModel;
			sourceTree = "<group>";
		};
		4A368CE62A8F4BFB00C0D7BD /* Model */ = {
			isa = PBXGroup;
			children = (
			);
			path = Model;
			sourceTree = "<group>";
		};
		4A368CE72A8F4C0D00C0D7BD /* Controller */ = {
			isa = PBXGroup;
			children = (
				4A56C0D72A8F536400693C5E /* LoginViewController.swift */,
			);
			path = Controller;
			sourceTree = "<group>";
		};
		4A368CE82A8F4C2300C0D7BD /* Xib */ = {
			isa = PBXGroup;
			children = (
				4A73906B2A8E20A9004E12A3 /* LoginViewController.xib */,
			);
			path = Xib;
			sourceTree = "<group>";
		};
		4A56C0D22A8F4E8D00693C5E /* SliderCollectionView */ = {
			isa = PBXGroup;
			children = (
				4AD5AA682A8F74E100B81EE0 /* SliderCollectionViewCell.swift */,
				4AD5AA692A8F74E100B81EE0 /* SliderCollectionViewCell.xib */,
			);
			path = SliderCollectionView;
			sourceTree = "<group>";
		};
		4A7390602A8E15D3004E12A3 /* Extensions */ = {
			isa = PBXGroup;
			children = (
				4A7390612A8E1602004E12A3 /* UICollectionView+Extension.swift */,
				4A7390622A8E1602004E12A3 /* UITableView+Extension.swift */,
			);
			path = Extensions;
			sourceTree = "<group>";
		};
		4A7390652A8E1BC5004E12A3 /* Xibs */ = {
			isa = PBXGroup;
			children = (
				4A56C0D22A8F4E8D00693C5E /* SliderCollectionView */,
				4A711FCD2A8E551D00C1348D /* HomeViewController.xib */,
			);
			path = Xibs;
			sourceTree = "<group>";
		};
		4A7FD26C2A8DE9D600AEF0CB = {
			isa = PBXGroup;
			children = (
				4A7FD2772A8DE9D600AEF0CB /* NeoSTORE */,
				4A7FD28E2A8DE9D900AEF0CB /* NeoSTORETests */,
				4A7FD2982A8DE9D900AEF0CB /* NeoSTOREUITests */,
				4A7FD2762A8DE9D600AEF0CB /* Products */,
			);
			sourceTree = "<group>";
		};
		4A7FD2762A8DE9D600AEF0CB /* Products */ = {
			isa = PBXGroup;
			children = (
				4A7FD2752A8DE9D600AEF0CB /* NeoSTORE.app */,
				4A7FD28B2A8DE9D900AEF0CB /* NeoSTORETests.xctest */,
				4A7FD2952A8DE9D900AEF0CB /* NeoSTOREUITests.xctest */,
			);
			name = Products;
			sourceTree = "<group>";
		};
		4A7FD2772A8DE9D600AEF0CB /* NeoSTORE */ = {
			isa = PBXGroup;
			children = (
				4A368CE32A8F4B8B00C0D7BD /* Login */,
				4A368CDD2A8F4A9400C0D7BD /* Register */,
				4A7FD2A92A8DEA4700AEF0CB /* Home */,
				4A9A6BF62A923C5100250B79 /* Address */,
				4A9A6BF02A923BF600250B79 /* Cart */,
				4A9A6BE82A923BA100250B79 /* Product Details */,
				4A9A6BDE2A923AF900250B79 /* Product List */,
				4A7390602A8E15D3004E12A3 /* Extensions */,
				4A7FD2D72A8DFCA200AEF0CB /* Utility */,
				4A7FD2A82A8DEA1300AEF0CB /* Application */,
				4A7FD2AB2A8DEA7B00AEF0CB /* StoryBoards */,
				4A7FD2D62A8DFC5F00AEF0CB /* Fonts */,
				4A7FD2812A8DE9D800AEF0CB /* Assets.xcassets */,
				4A7FD2862A8DE9D800AEF0CB /* Info.plist */,
			);
			path = NeoSTORE;
			sourceTree = "<group>";
		};
		4A7FD28E2A8DE9D900AEF0CB /* NeoSTORETests */ = {
			isa = PBXGroup;
			children = (
				4A7FD28F2A8DE9D900AEF0CB /* NeoSTORETests.swift */,
			);
			path = NeoSTORETests;
			sourceTree = "<group>";
		};
		4A7FD2982A8DE9D900AEF0CB /* NeoSTOREUITests */ = {
			isa = PBXGroup;
			children = (
				4A7FD2992A8DE9D900AEF0CB /* NeoSTOREUITests.swift */,
				4A7FD29B2A8DE9D900AEF0CB /* NeoSTOREUITestsLaunchTests.swift */,
			);
			path = NeoSTOREUITests;
			sourceTree = "<group>";
		};
		4A7FD2A82A8DEA1300AEF0CB /* Application */ = {
			isa = PBXGroup;
			children = (
				4A7FD2782A8DE9D600AEF0CB /* AppDelegate.swift */,
				4A7FD27A2A8DE9D600AEF0CB /* SceneDelegate.swift */,
			);
			path = Application;
			sourceTree = "<group>";
		};
		4A7FD2A92A8DEA4700AEF0CB /* Home */ = {
			isa = PBXGroup;
			children = (
				4A9CCA232A921A0E0088A036 /* Home */,
				4A9CCA222A9219F50088A036 /* HomeContainer */,
				4AD5AA722A8F8F4E00B81EE0 /* Drawer */,
			);
			path = Home;
			sourceTree = "<group>";
		};
		4A7FD2AA2A8DEA5500AEF0CB /* Controllers */ = {
			isa = PBXGroup;
			children = (
				4A711FCC2A8E551D00C1348D /* HomeViewController.swift */,
			);
			path = Controllers;
			sourceTree = "<group>";
		};
		4A7FD2AB2A8DEA7B00AEF0CB /* StoryBoards */ = {
			isa = PBXGroup;
			children = (
				4A7FD2832A8DE9D800AEF0CB /* LaunchScreen.storyboard */,
				4A7390702A8E2205004E12A3 /* Main.storyboard */,
			);
			path = StoryBoards;
			sourceTree = "<group>";
		};
		4A7FD2D62A8DFC5F00AEF0CB /* Fonts */ = {
			isa = PBXGroup;
			children = (
				4A7FD2E12A8E05DF00AEF0CB /* Gotham-Book.otf */,
				4A7FD2E02A8E05DF00AEF0CB /* Gotham-Medium.otf */,
				4A7FD2DA2A8E030500AEF0CB /* Gotham-Bold.otf */,
			);
			path = Fonts;
			sourceTree = "<group>";
		};
		4A7FD2D72A8DFCA200AEF0CB /* Utility */ = {
			isa = PBXGroup;
			children = (
				4A7FD2D82A8DFCC300AEF0CB /* Constants.swift */,
			);
			path = Utility;
			sourceTree = "<group>";
		};
		4A9A6BDE2A923AF900250B79 /* Product List */ = {
			isa = PBXGroup;
			children = (
				4A9A6BE12A923B2F00250B79 /* ViewModel */,
				4A9A6BE02A923B2600250B79 /* View */,
				4A9A6BDF2A923B1900250B79 /* Model */,
			);
			path = "Product List";
			sourceTree = "<group>";
		};
		4A9A6BDF2A923B1900250B79 /* Model */ = {
			isa = PBXGroup;
			children = (
			);
			path = Model;
			sourceTree = "<group>";
		};
		4A9A6BE02A923B2600250B79 /* View */ = {
			isa = PBXGroup;
			children = (
				4A9A6BE22A923B4100250B79 /* Xib */,
				4A9A6BE32A923B4900250B79 /* Controller */,
			);
			path = View;
			sourceTree = "<group>";
		};
		4A9A6BE12A923B2F00250B79 /* ViewModel */ = {
			isa = PBXGroup;
			children = (
			);
			path = ViewModel;
			sourceTree = "<group>";
		};
		4A9A6BE22A923B4100250B79 /* Xib */ = {
			isa = PBXGroup;
			children = (
				4A9A6C112A923EBD00250B79 /* ProductListCell */,
				4A9A6C172A92437C00250B79 /* ProductListViewController.xib */,
			);
			path = Xib;
			sourceTree = "<group>";
		};
		4A9A6BE32A923B4900250B79 /* Controller */ = {
			isa = PBXGroup;
			children = (
				4A9A6C162A92437C00250B79 /* ProductListViewController.swift */,
			);
			path = Controller;
			sourceTree = "<group>";
		};
		4A9A6BE82A923BA100250B79 /* Product Details */ = {
			isa = PBXGroup;
			children = (
				4A9A6BEB2A923BBF00250B79 /* ViewModel */,
				4A9A6BEA2A923BB900250B79 /* View */,
				4A9A6BE92A923BB000250B79 /* Model */,
			);
			path = "Product Details";
			sourceTree = "<group>";
		};
		4A9A6BE92A923BB000250B79 /* Model */ = {
			isa = PBXGroup;
			children = (
			);
			path = Model;
			sourceTree = "<group>";
		};
		4A9A6BEA2A923BB900250B79 /* View */ = {
			isa = PBXGroup;
			children = (
				4A9A6BF52A923C3900250B79 /* Controller */,
				4A9A6BF42A923C3200250B79 /* Xib */,
			);
			path = View;
			sourceTree = "<group>";
		};
		4A9A6BEB2A923BBF00250B79 /* ViewModel */ = {
			isa = PBXGroup;
			children = (
			);
			path = ViewModel;
			sourceTree = "<group>";
		};
		4A9A6BF02A923BF600250B79 /* Cart */ = {
			isa = PBXGroup;
			children = (
				4A9A6BF32A923C2500250B79 /* ViewModel */,
				4A9A6BF22A923C1E00250B79 /* Model */,
				4A9A6BF12A923C1300250B79 /* View */,
			);
			path = Cart;
			sourceTree = "<group>";
		};
		4A9A6BF12A923C1300250B79 /* View */ = {
			isa = PBXGroup;
			children = (
				4A9A6C002A923DA400250B79 /* Controller */,
				4A9A6BFF2A923D9B00250B79 /* Xib */,
			);
			path = View;
			sourceTree = "<group>";
		};
		4A9A6BF22A923C1E00250B79 /* Model */ = {
			isa = PBXGroup;
			children = (
			);
			path = Model;
			sourceTree = "<group>";
		};
		4A9A6BF32A923C2500250B79 /* ViewModel */ = {
			isa = PBXGroup;
			children = (
			);
			path = ViewModel;
			sourceTree = "<group>";
		};
		4A9A6BF42A923C3200250B79 /* Xib */ = {
			isa = PBXGroup;
			children = (
				4A9A6BED2A923BDC00250B79 /* ProductDetailsViewController.xib */,
			);
			path = Xib;
			sourceTree = "<group>";
		};
		4A9A6BF52A923C3900250B79 /* Controller */ = {
			isa = PBXGroup;
			children = (
				4A9A6BEC2A923BDC00250B79 /* ProductDetailsViewController.swift */,
			);
			path = Controller;
			sourceTree = "<group>";
		};
		4A9A6BF62A923C5100250B79 /* Address */ = {
			isa = PBXGroup;
			children = (
				4A9A6BF82A923C9A00250B79 /* Address List */,
				4A9A6BF72A923C8300250B79 /* Add Address */,
			);
			path = Address;
			sourceTree = "<group>";
		};
		4A9A6BF72A923C8300250B79 /* Add Address */ = {
			isa = PBXGroup;
			children = (
				4A9A6BFE2A923D8A00250B79 /* Model */,
				4A9A6BFD2A923D7D00250B79 /* ViewModel */,
				4A9A6BFC2A923D7500250B79 /* View */,
			);
			path = "Add Address";
			sourceTree = "<group>";
		};
		4A9A6BF82A923C9A00250B79 /* Address List */ = {
			isa = PBXGroup;
			children = (
				4A9A6BFB2A923D6D00250B79 /* Model */,
				4A9A6BFA2A923D6400250B79 /* ViewModel */,
				4A9A6BF92A923D5E00250B79 /* View */,
			);
			path = "Address List";
			sourceTree = "<group>";
		};
		4A9A6BF92A923D5E00250B79 /* View */ = {
			isa = PBXGroup;
			children = (
				4A9A6C062A923DDA00250B79 /* Controller */,
				4A9A6C052A923DD500250B79 /* Xib */,
			);
			path = View;
			sourceTree = "<group>";
		};
		4A9A6BFA2A923D6400250B79 /* ViewModel */ = {
			isa = PBXGroup;
			children = (
			);
			path = ViewModel;
			sourceTree = "<group>";
		};
		4A9A6BFB2A923D6D00250B79 /* Model */ = {
			isa = PBXGroup;
			children = (
			);
			path = Model;
			sourceTree = "<group>";
		};
		4A9A6BFC2A923D7500250B79 /* View */ = {
			isa = PBXGroup;
			children = (
				4A9A6C0C2A923E1100250B79 /* Controller */,
				4A9A6C0B2A923E0C00250B79 /* Xib */,
			);
			path = View;
			sourceTree = "<group>";
		};
		4A9A6BFD2A923D7D00250B79 /* ViewModel */ = {
			isa = PBXGroup;
			children = (
			);
			path = ViewModel;
			sourceTree = "<group>";
		};
		4A9A6BFE2A923D8A00250B79 /* Model */ = {
			isa = PBXGroup;
			children = (
			);
			path = Model;
			sourceTree = "<group>";
		};
		4A9A6BFF2A923D9B00250B79 /* Xib */ = {
			isa = PBXGroup;
			children = (
				4A9A6C022A923DC000250B79 /* CartViewController.xib */,
			);
			path = Xib;
			sourceTree = "<group>";
		};
		4A9A6C002A923DA400250B79 /* Controller */ = {
			isa = PBXGroup;
			children = (
				4A9A6C012A923DC000250B79 /* CartViewController.swift */,
			);
			path = Controller;
			sourceTree = "<group>";
		};
		4A9A6C052A923DD500250B79 /* Xib */ = {
			isa = PBXGroup;
			children = (
				4A9A6C082A923E0100250B79 /* AddressListViewController.xib */,
			);
			path = Xib;
			sourceTree = "<group>";
		};
		4A9A6C062A923DDA00250B79 /* Controller */ = {
			isa = PBXGroup;
			children = (
				4A9A6C072A923E0100250B79 /* AddressListViewController.swift */,
			);
			path = Controller;
			sourceTree = "<group>";
		};
		4A9A6C0B2A923E0C00250B79 /* Xib */ = {
			isa = PBXGroup;
			children = (
				4A9A6C0E2A923E2B00250B79 /* AddAddressViewController.xib */,
			);
			path = Xib;
			sourceTree = "<group>";
		};
		4A9A6C0C2A923E1100250B79 /* Controller */ = {
			isa = PBXGroup;
			children = (
				4A9A6C0D2A923E2B00250B79 /* AddAddressViewController.swift */,
			);
			path = Controller;
			sourceTree = "<group>";
		};
		4A9A6C112A923EBD00250B79 /* ProductListCell */ = {
			isa = PBXGroup;
			children = (
				4A9A6C122A923F3600250B79 /* ProductListCell.swift */,
				4A9A6C132A923F3600250B79 /* ProductListCell.xib */,
			);
			path = ProductListCell;
			sourceTree = "<group>";
		};
		4A9CCA222A9219F50088A036 /* HomeContainer */ = {
			isa = PBXGroup;
			children = (
				4A9CCA242A921A660088A036 /* HomeContainerViewController.swift */,
			);
			path = HomeContainer;
			sourceTree = "<group>";
		};
		4A9CCA232A921A0E0088A036 /* Home */ = {
			isa = PBXGroup;
			children = (
				4A7FD2AA2A8DEA5500AEF0CB /* Controllers */,
				4A7390652A8E1BC5004E12A3 /* Xibs */,
			);
			path = Home;
			sourceTree = "<group>";
		};
		4A9CCA2A2A9226010088A036 /* DrawerTableCell */ = {
			isa = PBXGroup;
			children = (
				4A9CCA2F2A92264C0088A036 /* Heading Cell */,
				4A9CCA302A92265C0088A036 /* Options Cell */,
			);
			path = DrawerTableCell;
			sourceTree = "<group>";
		};
		4A9CCA2F2A92264C0088A036 /* Heading Cell */ = {
			isa = PBXGroup;
			children = (
				4A9CCA312A9226940088A036 /* HeaderCell.swift */,
				4A9CCA322A9226940088A036 /* HeaderCell.xib */,
			);
			path = "Heading Cell";
			sourceTree = "<group>";
		};
		4A9CCA302A92265C0088A036 /* Options Cell */ = {
			isa = PBXGroup;
			children = (
				4A9CCA352A9226AE0088A036 /* OptionsCell.swift */,
				4A9CCA362A9226AE0088A036 /* OptionsCell.xib */,
			);
			path = "Options Cell";
			sourceTree = "<group>";
		};
		4AD5AA722A8F8F4E00B81EE0 /* Drawer */ = {
			isa = PBXGroup;
			children = (
				4AD5AA752A8F8F7700B81EE0 /* View Model */,
				4AD5AA742A8F8F6400B81EE0 /* View */,
				4AD5AA732A8F8F5D00B81EE0 /* Model */,
			);
			path = Drawer;
			sourceTree = "<group>";
		};
		4AD5AA732A8F8F5D00B81EE0 /* Model */ = {
			isa = PBXGroup;
			children = (
			);
			path = Model;
			sourceTree = "<group>";
		};
		4AD5AA742A8F8F6400B81EE0 /* View */ = {
			isa = PBXGroup;
			children = (
				4AD5AA772A8F8F9600B81EE0 /* Xib */,
				4AD5AA762A8F8F8900B81EE0 /* Controller */,
			);
			path = View;
			sourceTree = "<group>";
		};
		4AD5AA752A8F8F7700B81EE0 /* View Model */ = {
			isa = PBXGroup;
			children = (
			);
			path = "View Model";
			sourceTree = "<group>";
		};
		4AD5AA762A8F8F8900B81EE0 /* Controller */ = {
			isa = PBXGroup;
			children = (
				4A9CCA262A9223320088A036 /* DrawerViewController.swift */,
			);
			path = Controller;
			sourceTree = "<group>";
		};
		4AD5AA772A8F8F9600B81EE0 /* Xib */ = {
			isa = PBXGroup;
			children = (
				4A9CCA2A2A9226010088A036 /* DrawerTableCell */,
				4A9CCA282A9223550088A036 /* DrawerViewController.xib */,
			);
			path = Xib;
			sourceTree = "<group>";
		};
/* End PBXGroup section */

/* Begin PBXNativeTarget section */
		4A7FD2742A8DE9D600AEF0CB /* NeoSTORE */ = {
			isa = PBXNativeTarget;
			buildConfigurationList = 4A7FD29F2A8DE9D900AEF0CB /* Build configuration list for PBXNativeTarget "NeoSTORE" */;
			buildPhases = (
				4A7FD2712A8DE9D600AEF0CB /* Sources */,
				4A7FD2722A8DE9D600AEF0CB /* Frameworks */,
				4A7FD2732A8DE9D600AEF0CB /* Resources */,
			);
			buildRules = (
			);
			dependencies = (
			);
			name = NeoSTORE;
			productName = NeoSTORE;
			productReference = 4A7FD2752A8DE9D600AEF0CB /* NeoSTORE.app */;
			productType = "com.apple.product-type.application";
		};
		4A7FD28A2A8DE9D900AEF0CB /* NeoSTORETests */ = {
			isa = PBXNativeTarget;
			buildConfigurationList = 4A7FD2A22A8DE9D900AEF0CB /* Build configuration list for PBXNativeTarget "NeoSTORETests" */;
			buildPhases = (
				4A7FD2872A8DE9D900AEF0CB /* Sources */,
				4A7FD2882A8DE9D900AEF0CB /* Frameworks */,
				4A7FD2892A8DE9D900AEF0CB /* Resources */,
			);
			buildRules = (
			);
			dependencies = (
				4A7FD28D2A8DE9D900AEF0CB /* PBXTargetDependency */,
			);
			name = NeoSTORETests;
			productName = NeoSTORETests;
			productReference = 4A7FD28B2A8DE9D900AEF0CB /* NeoSTORETests.xctest */;
			productType = "com.apple.product-type.bundle.unit-test";
		};
		4A7FD2942A8DE9D900AEF0CB /* NeoSTOREUITests */ = {
			isa = PBXNativeTarget;
			buildConfigurationList = 4A7FD2A52A8DE9D900AEF0CB /* Build configuration list for PBXNativeTarget "NeoSTOREUITests" */;
			buildPhases = (
				4A7FD2912A8DE9D900AEF0CB /* Sources */,
				4A7FD2922A8DE9D900AEF0CB /* Frameworks */,
				4A7FD2932A8DE9D900AEF0CB /* Resources */,
			);
			buildRules = (
			);
			dependencies = (
				4A7FD2972A8DE9D900AEF0CB /* PBXTargetDependency */,
			);
			name = NeoSTOREUITests;
			productName = NeoSTOREUITests;
			productReference = 4A7FD2952A8DE9D900AEF0CB /* NeoSTOREUITests.xctest */;
			productType = "com.apple.product-type.bundle.ui-testing";
		};
/* End PBXNativeTarget section */

/* Begin PBXProject section */
		4A7FD26D2A8DE9D600AEF0CB /* Project object */ = {
			isa = PBXProject;
			attributes = {
				BuildIndependentTargetsInParallel = 1;
				LastSwiftUpdateCheck = 1420;
				LastUpgradeCheck = 1420;
				TargetAttributes = {
					4A7FD2742A8DE9D600AEF0CB = {
						CreatedOnToolsVersion = 14.2;
					};
					4A7FD28A2A8DE9D900AEF0CB = {
						CreatedOnToolsVersion = 14.2;
						TestTargetID = 4A7FD2742A8DE9D600AEF0CB;
					};
					4A7FD2942A8DE9D900AEF0CB = {
						CreatedOnToolsVersion = 14.2;
						TestTargetID = 4A7FD2742A8DE9D600AEF0CB;
					};
				};
			};
			buildConfigurationList = 4A7FD2702A8DE9D600AEF0CB /* Build configuration list for PBXProject "NeoSTORE" */;
			compatibilityVersion = "Xcode 14.0";
			developmentRegion = en;
			hasScannedForEncodings = 0;
			knownRegions = (
				en,
				Base,
			);
			mainGroup = 4A7FD26C2A8DE9D600AEF0CB;
			productRefGroup = 4A7FD2762A8DE9D600AEF0CB /* Products */;
			projectDirPath = "";
			projectRoot = "";
			targets = (
				4A7FD2742A8DE9D600AEF0CB /* NeoSTORE */,
				4A7FD28A2A8DE9D900AEF0CB /* NeoSTORETests */,
				4A7FD2942A8DE9D900AEF0CB /* NeoSTOREUITests */,
			);
		};
/* End PBXProject section */

/* Begin PBXResourcesBuildPhase section */
		4A7FD2732A8DE9D600AEF0CB /* Resources */ = {
			isa = PBXResourcesBuildPhase;
			buildActionMask = 2147483647;
			files = (
				4A9A6C042A923DC000250B79 /* CartViewController.xib in Resources */,
				4A7390712A8E2205004E12A3 /* Main.storyboard in Resources */,
				4A9A6C152A923F3600250B79 /* ProductListCell.xib in Resources */,
				4AD5AA6B2A8F74E100B81EE0 /* SliderCollectionViewCell.xib in Resources */,
				4A7FD2E32A8E05DF00AEF0CB /* Gotham-Book.otf in Resources */,
				4A9CCA382A9226AE0088A036 /* OptionsCell.xib in Resources */,
				4A7FD2DB2A8E030500AEF0CB /* Gotham-Bold.otf in Resources */,
				4A9CCA342A9226940088A036 /* HeaderCell.xib in Resources */,
				4A9A6C0A2A923E0100250B79 /* AddressListViewController.xib in Resources */,
				4A9A6BEF2A923BDC00250B79 /* ProductDetailsViewController.xib in Resources */,
				4A7FD2852A8DE9D800AEF0CB /* LaunchScreen.storyboard in Resources */,
				4A9A6C102A923E2B00250B79 /* AddAddressViewController.xib in Resources */,
				4A7FD2822A8DE9D800AEF0CB /* Assets.xcassets in Resources */,
				4A9A6C192A92437C00250B79 /* ProductListViewController.xib in Resources */,
				4A73906D2A8E20A9004E12A3 /* LoginViewController.xib in Resources */,
				4A7FD2E22A8E05DF00AEF0CB /* Gotham-Medium.otf in Resources */,
				4A9CCA292A9223550088A036 /* DrawerViewController.xib in Resources */,
				4A7390752A8E2715004E12A3 /* RegisterViewController.xib in Resources */,
				4A711FCF2A8E551D00C1348D /* HomeViewController.xib in Resources */,
			);
			runOnlyForDeploymentPostprocessing = 0;
		};
		4A7FD2892A8DE9D900AEF0CB /* Resources */ = {
			isa = PBXResourcesBuildPhase;
			buildActionMask = 2147483647;
			files = (
			);
			runOnlyForDeploymentPostprocessing = 0;
		};
		4A7FD2932A8DE9D900AEF0CB /* Resources */ = {
			isa = PBXResourcesBuildPhase;
			buildActionMask = 2147483647;
			files = (
			);
			runOnlyForDeploymentPostprocessing = 0;
		};
/* End PBXResourcesBuildPhase section */

/* Begin PBXSourcesBuildPhase section */
		4A7FD2712A8DE9D600AEF0CB /* Sources */ = {
			isa = PBXSourcesBuildPhase;
			buildActionMask = 2147483647;
			files = (
				4A7390632A8E1602004E12A3 /* UICollectionView+Extension.swift in Sources */,
				4A7FD2792A8DE9D600AEF0CB /* AppDelegate.swift in Sources */,
				4A56C0D82A8F536400693C5E /* LoginViewController.swift in Sources */,
				4A9A6BEE2A923BDC00250B79 /* ProductDetailsViewController.swift in Sources */,
				4A7390742A8E2715004E12A3 /* RegisterViewController.swift in Sources */,
				4A9CCA332A9226940088A036 /* HeaderCell.swift in Sources */,
				4A9CCA252A921A660088A036 /* HomeContainerViewController.swift in Sources */,
				4A9CCA272A9223320088A036 /* DrawerViewController.swift in Sources */,
				4A9CCA372A9226AE0088A036 /* OptionsCell.swift in Sources */,
				4A711FCE2A8E551D00C1348D /* HomeViewController.swift in Sources */,
				4A9A6C092A923E0100250B79 /* AddressListViewController.swift in Sources */,
				4A9A6C182A92437C00250B79 /* ProductListViewController.swift in Sources */,
				4A9A6C0F2A923E2B00250B79 /* AddAddressViewController.swift in Sources */,
				4A7FD27B2A8DE9D600AEF0CB /* SceneDelegate.swift in Sources */,
				4AD5AA6A2A8F74E100B81EE0 /* SliderCollectionViewCell.swift in Sources */,
				4A9A6C142A923F3600250B79 /* ProductListCell.swift in Sources */,
				4A9A6C032A923DC000250B79 /* CartViewController.swift in Sources */,
				4A7FD2D92A8DFCC300AEF0CB /* Constants.swift in Sources */,
				4A7390642A8E1602004E12A3 /* UITableView+Extension.swift in Sources */,
			);
			runOnlyForDeploymentPostprocessing = 0;
		};
		4A7FD2872A8DE9D900AEF0CB /* Sources */ = {
			isa = PBXSourcesBuildPhase;
			buildActionMask = 2147483647;
			files = (
				4A7FD2902A8DE9D900AEF0CB /* NeoSTORETests.swift in Sources */,
			);
			runOnlyForDeploymentPostprocessing = 0;
		};
		4A7FD2912A8DE9D900AEF0CB /* Sources */ = {
			isa = PBXSourcesBuildPhase;
			buildActionMask = 2147483647;
			files = (
				4A7FD29C2A8DE9D900AEF0CB /* NeoSTOREUITestsLaunchTests.swift in Sources */,
				4A7FD29A2A8DE9D900AEF0CB /* NeoSTOREUITests.swift in Sources */,
			);
			runOnlyForDeploymentPostprocessing = 0;
		};
/* End PBXSourcesBuildPhase section */

/* Begin PBXTargetDependency section */
		4A7FD28D2A8DE9D900AEF0CB /* PBXTargetDependency */ = {
			isa = PBXTargetDependency;
			target = 4A7FD2742A8DE9D600AEF0CB /* NeoSTORE */;
			targetProxy = 4A7FD28C2A8DE9D900AEF0CB /* PBXContainerItemProxy */;
		};
		4A7FD2972A8DE9D900AEF0CB /* PBXTargetDependency */ = {
			isa = PBXTargetDependency;
			target = 4A7FD2742A8DE9D600AEF0CB /* NeoSTORE */;
			targetProxy = 4A7FD2962A8DE9D900AEF0CB /* PBXContainerItemProxy */;
		};
/* End PBXTargetDependency section */

/* Begin PBXVariantGroup section */
		4A7FD2832A8DE9D800AEF0CB /* LaunchScreen.storyboard */ = {
			isa = PBXVariantGroup;
			children = (
				4A7FD2842A8DE9D800AEF0CB /* Base */,
			);
			name = LaunchScreen.storyboard;
			sourceTree = "<group>";
		};
/* End PBXVariantGroup section */

/* Begin XCBuildConfiguration section */
		4A7FD29D2A8DE9D900AEF0CB /* Debug */ = {
			isa = XCBuildConfiguration;
			buildSettings = {
				ALWAYS_SEARCH_USER_PATHS = NO;
				CLANG_ANALYZER_NONNULL = YES;
				CLANG_ANALYZER_NUMBER_OBJECT_CONVERSION = YES_AGGRESSIVE;
				CLANG_CXX_LANGUAGE_STANDARD = "gnu++20";
				CLANG_ENABLE_MODULES = YES;
				CLANG_ENABLE_OBJC_ARC = YES;
				CLANG_ENABLE_OBJC_WEAK = YES;
				CLANG_WARN_BLOCK_CAPTURE_AUTORELEASING = YES;
				CLANG_WARN_BOOL_CONVERSION = YES;
				CLANG_WARN_COMMA = YES;
				CLANG_WARN_CONSTANT_CONVERSION = YES;
				CLANG_WARN_DEPRECATED_OBJC_IMPLEMENTATIONS = YES;
				CLANG_WARN_DIRECT_OBJC_ISA_USAGE = YES_ERROR;
				CLANG_WARN_DOCUMENTATION_COMMENTS = YES;
				CLANG_WARN_EMPTY_BODY = YES;
				CLANG_WARN_ENUM_CONVERSION = YES;
				CLANG_WARN_INFINITE_RECURSION = YES;
				CLANG_WARN_INT_CONVERSION = YES;
				CLANG_WARN_NON_LITERAL_NULL_CONVERSION = YES;
				CLANG_WARN_OBJC_IMPLICIT_RETAIN_SELF = YES;
				CLANG_WARN_OBJC_LITERAL_CONVERSION = YES;
				CLANG_WARN_OBJC_ROOT_CLASS = YES_ERROR;
				CLANG_WARN_QUOTED_INCLUDE_IN_FRAMEWORK_HEADER = YES;
				CLANG_WARN_RANGE_LOOP_ANALYSIS = YES;
				CLANG_WARN_STRICT_PROTOTYPES = YES;
				CLANG_WARN_SUSPICIOUS_MOVE = YES;
				CLANG_WARN_UNGUARDED_AVAILABILITY = YES_AGGRESSIVE;
				CLANG_WARN_UNREACHABLE_CODE = YES;
				CLANG_WARN__DUPLICATE_METHOD_MATCH = YES;
				COPY_PHASE_STRIP = NO;
				DEBUG_INFORMATION_FORMAT = dwarf;
				ENABLE_STRICT_OBJC_MSGSEND = YES;
				ENABLE_TESTABILITY = YES;
				GCC_C_LANGUAGE_STANDARD = gnu11;
				GCC_DYNAMIC_NO_PIC = NO;
				GCC_NO_COMMON_BLOCKS = YES;
				GCC_OPTIMIZATION_LEVEL = 0;
				GCC_PREPROCESSOR_DEFINITIONS = (
					"DEBUG=1",
					"$(inherited)",
				);
				GCC_WARN_64_TO_32_BIT_CONVERSION = YES;
				GCC_WARN_ABOUT_RETURN_TYPE = YES_ERROR;
				GCC_WARN_UNDECLARED_SELECTOR = YES;
				GCC_WARN_UNINITIALIZED_AUTOS = YES_AGGRESSIVE;
				GCC_WARN_UNUSED_FUNCTION = YES;
				GCC_WARN_UNUSED_VARIABLE = YES;
				IPHONEOS_DEPLOYMENT_TARGET = 16.2;
				MTL_ENABLE_DEBUG_INFO = INCLUDE_SOURCE;
				MTL_FAST_MATH = YES;
				ONLY_ACTIVE_ARCH = YES;
				SDKROOT = iphoneos;
				SWIFT_ACTIVE_COMPILATION_CONDITIONS = DEBUG;
				SWIFT_OPTIMIZATION_LEVEL = "-Onone";
			};
			name = Debug;
		};
		4A7FD29E2A8DE9D900AEF0CB /* Release */ = {
			isa = XCBuildConfiguration;
			buildSettings = {
				ALWAYS_SEARCH_USER_PATHS = NO;
				CLANG_ANALYZER_NONNULL = YES;
				CLANG_ANALYZER_NUMBER_OBJECT_CONVERSION = YES_AGGRESSIVE;
				CLANG_CXX_LANGUAGE_STANDARD = "gnu++20";
				CLANG_ENABLE_MODULES = YES;
				CLANG_ENABLE_OBJC_ARC = YES;
				CLANG_ENABLE_OBJC_WEAK = YES;
				CLANG_WARN_BLOCK_CAPTURE_AUTORELEASING = YES;
				CLANG_WARN_BOOL_CONVERSION = YES;
				CLANG_WARN_COMMA = YES;
				CLANG_WARN_CONSTANT_CONVERSION = YES;
				CLANG_WARN_DEPRECATED_OBJC_IMPLEMENTATIONS = YES;
				CLANG_WARN_DIRECT_OBJC_ISA_USAGE = YES_ERROR;
				CLANG_WARN_DOCUMENTATION_COMMENTS = YES;
				CLANG_WARN_EMPTY_BODY = YES;
				CLANG_WARN_ENUM_CONVERSION = YES;
				CLANG_WARN_INFINITE_RECURSION = YES;
				CLANG_WARN_INT_CONVERSION = YES;
				CLANG_WARN_NON_LITERAL_NULL_CONVERSION = YES;
				CLANG_WARN_OBJC_IMPLICIT_RETAIN_SELF = YES;
				CLANG_WARN_OBJC_LITERAL_CONVERSION = YES;
				CLANG_WARN_OBJC_ROOT_CLASS = YES_ERROR;
				CLANG_WARN_QUOTED_INCLUDE_IN_FRAMEWORK_HEADER = YES;
				CLANG_WARN_RANGE_LOOP_ANALYSIS = YES;
				CLANG_WARN_STRICT_PROTOTYPES = YES;
				CLANG_WARN_SUSPICIOUS_MOVE = YES;
				CLANG_WARN_UNGUARDED_AVAILABILITY = YES_AGGRESSIVE;
				CLANG_WARN_UNREACHABLE_CODE = YES;
				CLANG_WARN__DUPLICATE_METHOD_MATCH = YES;
				COPY_PHASE_STRIP = NO;
				DEBUG_INFORMATION_FORMAT = "dwarf-with-dsym";
				ENABLE_NS_ASSERTIONS = NO;
				ENABLE_STRICT_OBJC_MSGSEND = YES;
				GCC_C_LANGUAGE_STANDARD = gnu11;
				GCC_NO_COMMON_BLOCKS = YES;
				GCC_WARN_64_TO_32_BIT_CONVERSION = YES;
				GCC_WARN_ABOUT_RETURN_TYPE = YES_ERROR;
				GCC_WARN_UNDECLARED_SELECTOR = YES;
				GCC_WARN_UNINITIALIZED_AUTOS = YES_AGGRESSIVE;
				GCC_WARN_UNUSED_FUNCTION = YES;
				GCC_WARN_UNUSED_VARIABLE = YES;
				IPHONEOS_DEPLOYMENT_TARGET = 16.2;
				MTL_ENABLE_DEBUG_INFO = NO;
				MTL_FAST_MATH = YES;
				SDKROOT = iphoneos;
				SWIFT_COMPILATION_MODE = wholemodule;
				SWIFT_OPTIMIZATION_LEVEL = "-O";
				VALIDATE_PRODUCT = YES;
			};
			name = Release;
		};
		4A7FD2A02A8DE9D900AEF0CB /* Debug */ = {
			isa = XCBuildConfiguration;
			buildSettings = {
				ASSETCATALOG_COMPILER_APPICON_NAME = AppIcon;
				ASSETCATALOG_COMPILER_GLOBAL_ACCENT_COLOR_NAME = AccentColor;
				CODE_SIGN_STYLE = Automatic;
				CURRENT_PROJECT_VERSION = 1;
				GENERATE_INFOPLIST_FILE = YES;
				INFOPLIST_FILE = NeoSTORE/Info.plist;
				INFOPLIST_KEY_UIApplicationSupportsIndirectInputEvents = YES;
				INFOPLIST_KEY_UILaunchStoryboardName = LaunchScreen;
				INFOPLIST_KEY_UIMainStoryboardFile = Main;
				INFOPLIST_KEY_UISupportedInterfaceOrientations_iPad = "UIInterfaceOrientationPortrait UIInterfaceOrientationPortraitUpsideDown UIInterfaceOrientationLandscapeLeft UIInterfaceOrientationLandscapeRight";
				INFOPLIST_KEY_UISupportedInterfaceOrientations_iPhone = "UIInterfaceOrientationPortrait UIInterfaceOrientationLandscapeLeft UIInterfaceOrientationLandscapeRight";
				LD_RUNPATH_SEARCH_PATHS = (
					"$(inherited)",
					"@executable_path/Frameworks",
				);
				MARKETING_VERSION = 1.0;
				PRODUCT_BUNDLE_IDENTIFIER = com.chintan.NeoSTORE;
				PRODUCT_NAME = "$(TARGET_NAME)";
				SWIFT_EMIT_LOC_STRINGS = YES;
				SWIFT_VERSION = 5.0;
				TARGETED_DEVICE_FAMILY = "1,2";
			};
			name = Debug;
		};
		4A7FD2A12A8DE9D900AEF0CB /* Release */ = {
			isa = XCBuildConfiguration;
			buildSettings = {
				ASSETCATALOG_COMPILER_APPICON_NAME = AppIcon;
				ASSETCATALOG_COMPILER_GLOBAL_ACCENT_COLOR_NAME = AccentColor;
				CODE_SIGN_STYLE = Automatic;
				CURRENT_PROJECT_VERSION = 1;
				GENERATE_INFOPLIST_FILE = YES;
				INFOPLIST_FILE = NeoSTORE/Info.plist;
				INFOPLIST_KEY_UIApplicationSupportsIndirectInputEvents = YES;
				INFOPLIST_KEY_UILaunchStoryboardName = LaunchScreen;
				INFOPLIST_KEY_UIMainStoryboardFile = Main;
				INFOPLIST_KEY_UISupportedInterfaceOrientations_iPad = "UIInterfaceOrientationPortrait UIInterfaceOrientationPortraitUpsideDown UIInterfaceOrientationLandscapeLeft UIInterfaceOrientationLandscapeRight";
				INFOPLIST_KEY_UISupportedInterfaceOrientations_iPhone = "UIInterfaceOrientationPortrait UIInterfaceOrientationLandscapeLeft UIInterfaceOrientationLandscapeRight";
				LD_RUNPATH_SEARCH_PATHS = (
					"$(inherited)",
					"@executable_path/Frameworks",
				);
				MARKETING_VERSION = 1.0;
				PRODUCT_BUNDLE_IDENTIFIER = com.chintan.NeoSTORE;
				PRODUCT_NAME = "$(TARGET_NAME)";
				SWIFT_EMIT_LOC_STRINGS = YES;
				SWIFT_VERSION = 5.0;
				TARGETED_DEVICE_FAMILY = "1,2";
			};
			name = Release;
		};
		4A7FD2A32A8DE9D900AEF0CB /* Debug */ = {
			isa = XCBuildConfiguration;
			buildSettings = {
				ALWAYS_EMBED_SWIFT_STANDARD_LIBRARIES = YES;
				BUNDLE_LOADER = "$(TEST_HOST)";
				CODE_SIGN_STYLE = Automatic;
				CURRENT_PROJECT_VERSION = 1;
				GENERATE_INFOPLIST_FILE = YES;
				IPHONEOS_DEPLOYMENT_TARGET = 16.2;
				MARKETING_VERSION = 1.0;
				PRODUCT_BUNDLE_IDENTIFIER = com.chintan.NeoSTORETests;
				PRODUCT_NAME = "$(TARGET_NAME)";
				SWIFT_EMIT_LOC_STRINGS = NO;
				SWIFT_VERSION = 5.0;
				TARGETED_DEVICE_FAMILY = "1,2";
				TEST_HOST = "$(BUILT_PRODUCTS_DIR)/NeoSTORE.app/$(BUNDLE_EXECUTABLE_FOLDER_PATH)/NeoSTORE";
			};
			name = Debug;
		};
		4A7FD2A42A8DE9D900AEF0CB /* Release */ = {
			isa = XCBuildConfiguration;
			buildSettings = {
				ALWAYS_EMBED_SWIFT_STANDARD_LIBRARIES = YES;
				BUNDLE_LOADER = "$(TEST_HOST)";
				CODE_SIGN_STYLE = Automatic;
				CURRENT_PROJECT_VERSION = 1;
				GENERATE_INFOPLIST_FILE = YES;
				IPHONEOS_DEPLOYMENT_TARGET = 16.2;
				MARKETING_VERSION = 1.0;
				PRODUCT_BUNDLE_IDENTIFIER = com.chintan.NeoSTORETests;
				PRODUCT_NAME = "$(TARGET_NAME)";
				SWIFT_EMIT_LOC_STRINGS = NO;
				SWIFT_VERSION = 5.0;
				TARGETED_DEVICE_FAMILY = "1,2";
				TEST_HOST = "$(BUILT_PRODUCTS_DIR)/NeoSTORE.app/$(BUNDLE_EXECUTABLE_FOLDER_PATH)/NeoSTORE";
			};
			name = Release;
		};
		4A7FD2A62A8DE9D900AEF0CB /* Debug */ = {
			isa = XCBuildConfiguration;
			buildSettings = {
				ALWAYS_EMBED_SWIFT_STANDARD_LIBRARIES = YES;
				CODE_SIGN_STYLE = Automatic;
				CURRENT_PROJECT_VERSION = 1;
				GENERATE_INFOPLIST_FILE = YES;
				MARKETING_VERSION = 1.0;
				PRODUCT_BUNDLE_IDENTIFIER = com.chintan.NeoSTOREUITests;
				PRODUCT_NAME = "$(TARGET_NAME)";
				SWIFT_EMIT_LOC_STRINGS = NO;
				SWIFT_VERSION = 5.0;
				TARGETED_DEVICE_FAMILY = "1,2";
				TEST_TARGET_NAME = NeoSTORE;
			};
			name = Debug;
		};
		4A7FD2A72A8DE9D900AEF0CB /* Release */ = {
			isa = XCBuildConfiguration;
			buildSettings = {
				ALWAYS_EMBED_SWIFT_STANDARD_LIBRARIES = YES;
				CODE_SIGN_STYLE = Automatic;
				CURRENT_PROJECT_VERSION = 1;
				GENERATE_INFOPLIST_FILE = YES;
				MARKETING_VERSION = 1.0;
				PRODUCT_BUNDLE_IDENTIFIER = com.chintan.NeoSTOREUITests;
				PRODUCT_NAME = "$(TARGET_NAME)";
				SWIFT_EMIT_LOC_STRINGS = NO;
				SWIFT_VERSION = 5.0;
				TARGETED_DEVICE_FAMILY = "1,2";
				TEST_TARGET_NAME = NeoSTORE;
			};
			name = Release;
		};
/* End XCBuildConfiguration section */

/* Begin XCConfigurationList section */
		4A7FD2702A8DE9D600AEF0CB /* Build configuration list for PBXProject "NeoSTORE" */ = {
			isa = XCConfigurationList;
			buildConfigurations = (
				4A7FD29D2A8DE9D900AEF0CB /* Debug */,
				4A7FD29E2A8DE9D900AEF0CB /* Release */,
			);
			defaultConfigurationIsVisible = 0;
			defaultConfigurationName = Release;
		};
		4A7FD29F2A8DE9D900AEF0CB /* Build configuration list for PBXNativeTarget "NeoSTORE" */ = {
			isa = XCConfigurationList;
			buildConfigurations = (
				4A7FD2A02A8DE9D900AEF0CB /* Debug */,
				4A7FD2A12A8DE9D900AEF0CB /* Release */,
			);
			defaultConfigurationIsVisible = 0;
			defaultConfigurationName = Release;
		};
		4A7FD2A22A8DE9D900AEF0CB /* Build configuration list for PBXNativeTarget "NeoSTORETests" */ = {
			isa = XCConfigurationList;
			buildConfigurations = (
				4A7FD2A32A8DE9D900AEF0CB /* Debug */,
				4A7FD2A42A8DE9D900AEF0CB /* Release */,
			);
			defaultConfigurationIsVisible = 0;
			defaultConfigurationName = Release;
		};
		4A7FD2A52A8DE9D900AEF0CB /* Build configuration list for PBXNativeTarget "NeoSTOREUITests" */ = {
			isa = XCConfigurationList;
			buildConfigurations = (
				4A7FD2A62A8DE9D900AEF0CB /* Debug */,
				4A7FD2A72A8DE9D900AEF0CB /* Release */,
			);
			defaultConfigurationIsVisible = 0;
			defaultConfigurationName = Release;
		};
/* End XCConfigurationList section */
	};
	rootObject = 4A7FD26D2A8DE9D600AEF0CB /* Project object */;
}
